// !$*UTF8*$!
{
	archiveVersion = 1;
	classes = {
	};
	objectVersion = 56;
	objects = {

/* Begin PBXBuildFile section */
		DA15FFA72BBD5DC900513DD7 /* MyComicsApp.swift in Sources */ = {isa = PBXBuildFile; fileRef = DA15FFA62BBD5DC900513DD7 /* MyComicsApp.swift */; };
		DA15FFA92BBD5DC900513DD7 /* ContentView.swift in Sources */ = {isa = PBXBuildFile; fileRef = DA15FFA82BBD5DC900513DD7 /* ContentView.swift */; };
		DA15FFAB2BBD5DCA00513DD7 /* Assets.xcassets in Resources */ = {isa = PBXBuildFile; fileRef = DA15FFAA2BBD5DCA00513DD7 /* Assets.xcassets */; };
		DA15FFAF2BBD5DCA00513DD7 /* Preview Assets.xcassets in Resources */ = {isa = PBXBuildFile; fileRef = DA15FFAE2BBD5DCA00513DD7 /* Preview Assets.xcassets */; };
		DA15FFB92BBD5DCB00513DD7 /* MyComicsTests.swift in Sources */ = {isa = PBXBuildFile; fileRef = DA15FFB82BBD5DCB00513DD7 /* MyComicsTests.swift */; };
		DA15FFC32BBD5DCB00513DD7 /* MyComicsUITests.swift in Sources */ = {isa = PBXBuildFile; fileRef = DA15FFC22BBD5DCB00513DD7 /* MyComicsUITests.swift */; };
		DA15FFC52BBD5DCB00513DD7 /* MyComicsUITestsLaunchTests.swift in Sources */ = {isa = PBXBuildFile; fileRef = DA15FFC42BBD5DCB00513DD7 /* MyComicsUITestsLaunchTests.swift */; };
		DA15FFD32BBD5E8100513DD7 /* ComicsNetworkManager.swift in Sources */ = {isa = PBXBuildFile; fileRef = DA15FFD22BBD5E8100513DD7 /* ComicsNetworkManager.swift */; };
		DA15FFD62BBD5EC800513DD7 /* HTTPError.swift in Sources */ = {isa = PBXBuildFile; fileRef = DA15FFD52BBD5EC800513DD7 /* HTTPError.swift */; };
		DA15FFD82BBD5F3F00513DD7 /* Constants.swift in Sources */ = {isa = PBXBuildFile; fileRef = DA15FFD72BBD5F3F00513DD7 /* Constants.swift */; };
/* End PBXBuildFile section */

/* Begin PBXContainerItemProxy section */
		DA15FFB52BBD5DCB00513DD7 /* PBXContainerItemProxy */ = {
			isa = PBXContainerItemProxy;
			containerPortal = DA15FF9B2BBD5DC900513DD7 /* Project object */;
			proxyType = 1;
			remoteGlobalIDString = DA15FFA22BBD5DC900513DD7;
			remoteInfo = MyComics;
		};
		DA15FFBF2BBD5DCB00513DD7 /* PBXContainerItemProxy */ = {
			isa = PBXContainerItemProxy;
			containerPortal = DA15FF9B2BBD5DC900513DD7 /* Project object */;
			proxyType = 1;
			remoteGlobalIDString = DA15FFA22BBD5DC900513DD7;
			remoteInfo = MyComics;
		};
/* End PBXContainerItemProxy section */

/* Begin PBXFileReference section */
		DA15FFA32BBD5DC900513DD7 /* MyComics.app */ = {isa = PBXFileReference; explicitFileType = wrapper.application; includeInIndex = 0; path = MyComics.app; sourceTree = BUILT_PRODUCTS_DIR; };
		DA15FFA62BBD5DC900513DD7 /* MyComicsApp.swift */ = {isa = PBXFileReference; lastKnownFileType = sourcecode.swift; path = MyComicsApp.swift; sourceTree = "<group>"; };
		DA15FFA82BBD5DC900513DD7 /* ContentView.swift */ = {isa = PBXFileReference; lastKnownFileType = sourcecode.swift; path = ContentView.swift; sourceTree = "<group>"; };
		DA15FFAA2BBD5DCA00513DD7 /* Assets.xcassets */ = {isa = PBXFileReference; lastKnownFileType = folder.assetcatalog; path = Assets.xcassets; sourceTree = "<group>"; };
		DA15FFAC2BBD5DCA00513DD7 /* MyComics.entitlements */ = {isa = PBXFileReference; lastKnownFileType = text.plist.entitlements; path = MyComics.entitlements; sourceTree = "<group>"; };
		DA15FFAE2BBD5DCA00513DD7 /* Preview Assets.xcassets */ = {isa = PBXFileReference; lastKnownFileType = folder.assetcatalog; path = "Preview Assets.xcassets"; sourceTree = "<group>"; };
		DA15FFB42BBD5DCB00513DD7 /* MyComicsTests.xctest */ = {isa = PBXFileReference; explicitFileType = wrapper.cfbundle; includeInIndex = 0; path = MyComicsTests.xctest; sourceTree = BUILT_PRODUCTS_DIR; };
		DA15FFB82BBD5DCB00513DD7 /* MyComicsTests.swift */ = {isa = PBXFileReference; lastKnownFileType = sourcecode.swift; path = MyComicsTests.swift; sourceTree = "<group>"; };
		DA15FFBE2BBD5DCB00513DD7 /* MyComicsUITests.xctest */ = {isa = PBXFileReference; explicitFileType = wrapper.cfbundle; includeInIndex = 0; path = MyComicsUITests.xctest; sourceTree = BUILT_PRODUCTS_DIR; };
		DA15FFC22BBD5DCB00513DD7 /* MyComicsUITests.swift */ = {isa = PBXFileReference; lastKnownFileType = sourcecode.swift; path = MyComicsUITests.swift; sourceTree = "<group>"; };
		DA15FFC42BBD5DCB00513DD7 /* MyComicsUITestsLaunchTests.swift */ = {isa = PBXFileReference; lastKnownFileType = sourcecode.swift; path = MyComicsUITestsLaunchTests.swift; sourceTree = "<group>"; };
		DA15FFD22BBD5E8100513DD7 /* ComicsNetworkManager.swift */ = {isa = PBXFileReference; lastKnownFileType = sourcecode.swift; path = ComicsNetworkManager.swift; sourceTree = "<group>"; };
		DA15FFD52BBD5EC800513DD7 /* HTTPError.swift */ = {isa = PBXFileReference; lastKnownFileType = sourcecode.swift; path = HTTPError.swift; sourceTree = "<group>"; };
		DA15FFD72BBD5F3F00513DD7 /* Constants.swift */ = {isa = PBXFileReference; lastKnownFileType = sourcecode.swift; path = Constants.swift; sourceTree = "<group>"; };
/* End PBXFileReference section */

/* Begin PBXFrameworksBuildPhase section */
		DA15FFA02BBD5DC900513DD7 /* Frameworks */ = {
			isa = PBXFrameworksBuildPhase;
			buildActionMask = 2147483647;
			files = (
			);
			runOnlyForDeploymentPostprocessing = 0;
		};
		DA15FFB12BBD5DCB00513DD7 /* Frameworks */ = {
			isa = PBXFrameworksBuildPhase;
			buildActionMask = 2147483647;
			files = (
			);
			runOnlyForDeploymentPostprocessing = 0;
		};
		DA15FFBB2BBD5DCB00513DD7 /* Frameworks */ = {
			isa = PBXFrameworksBuildPhase;
			buildActionMask = 2147483647;
			files = (
			);
			runOnlyForDeploymentPostprocessing = 0;
		};
/* End PBXFrameworksBuildPhase section */

/* Begin PBXGroup section */
		DA15FF9A2BBD5DC900513DD7 = {
			isa = PBXGroup;
			children = (
				DA15FFA52BBD5DC900513DD7 /* MyComics */,
				DA15FFB72BBD5DCB00513DD7 /* MyComicsTests */,
				DA15FFC12BBD5DCB00513DD7 /* MyComicsUITests */,
				DA15FFA42BBD5DC900513DD7 /* Products */,
			);
			sourceTree = "<group>";
		};
		DA15FFA42BBD5DC900513DD7 /* Products */ = {
			isa = PBXGroup;
			children = (
				DA15FFA32BBD5DC900513DD7 /* MyComics.app */,
				DA15FFB42BBD5DCB00513DD7 /* MyComicsTests.xctest */,
				DA15FFBE2BBD5DCB00513DD7 /* MyComicsUITests.xctest */,
			);
			name = Products;
			sourceTree = "<group>";
		};
		DA15FFA52BBD5DC900513DD7 /* MyComics */ = {
			isa = PBXGroup;
			children = (
				DA15FFD42BBD5EBE00513DD7 /* Enumerations */,
				DA15FFD12BBD5E6E00513DD7 /* Network */,
				DA15FFA62BBD5DC900513DD7 /* MyComicsApp.swift */,
				DA15FFA82BBD5DC900513DD7 /* ContentView.swift */,
				DA15FFAA2BBD5DCA00513DD7 /* Assets.xcassets */,
				DA15FFAC2BBD5DCA00513DD7 /* MyComics.entitlements */,
				DA15FFAD2BBD5DCA00513DD7 /* Preview Content */,
				DA15FFD72BBD5F3F00513DD7 /* Constants.swift */,
			);
			path = MyComics;
			sourceTree = "<group>";
		};
		DA15FFAD2BBD5DCA00513DD7 /* Preview Content */ = {
			isa = PBXGroup;
			children = (
				DA15FFAE2BBD5DCA00513DD7 /* Preview Assets.xcassets */,
			);
			path = "Preview Content";
			sourceTree = "<group>";
		};
		DA15FFB72BBD5DCB00513DD7 /* MyComicsTests */ = {
			isa = PBXGroup;
			children = (
				DA15FFB82BBD5DCB00513DD7 /* MyComicsTests.swift */,
			);
			path = MyComicsTests;
			sourceTree = "<group>";
		};
		DA15FFC12BBD5DCB00513DD7 /* MyComicsUITests */ = {
			isa = PBXGroup;
			children = (
				DA15FFC22BBD5DCB00513DD7 /* MyComicsUITests.swift */,
				DA15FFC42BBD5DCB00513DD7 /* MyComicsUITestsLaunchTests.swift */,
			);
			path = MyComicsUITests;
			sourceTree = "<group>";
		};
		DA15FFD12BBD5E6E00513DD7 /* Network */ = {
			isa = PBXGroup;
			children = (
				DA15FFD22BBD5E8100513DD7 /* ComicsNetworkManager.swift */,
			);
			path = Network;
			sourceTree = "<group>";
		};
		DA15FFD42BBD5EBE00513DD7 /* Enumerations */ = {
			isa = PBXGroup;
			children = (
				DA15FFD52BBD5EC800513DD7 /* HTTPError.swift */,
			);
			path = Enumerations;
			sourceTree = "<group>";
		};
/* End PBXGroup section */

/* Begin PBXNativeTarget section */
		DA15FFA22BBD5DC900513DD7 /* MyComics */ = {
			isa = PBXNativeTarget;
			buildConfigurationList = DA15FFC82BBD5DCB00513DD7 /* Build configuration list for PBXNativeTarget "MyComics" */;
			buildPhases = (
				DA15FF9F2BBD5DC900513DD7 /* Sources */,
				DA15FFA02BBD5DC900513DD7 /* Frameworks */,
				DA15FFA12BBD5DC900513DD7 /* Resources */,
			);
			buildRules = (
			);
			dependencies = (
			);
			name = MyComics;
			productName = MyComics;
			productReference = DA15FFA32BBD5DC900513DD7 /* MyComics.app */;
			productType = "com.apple.product-type.application";
		};
		DA15FFB32BBD5DCB00513DD7 /* MyComicsTests */ = {
			isa = PBXNativeTarget;
			buildConfigurationList = DA15FFCB2BBD5DCB00513DD7 /* Build configuration list for PBXNativeTarget "MyComicsTests" */;
			buildPhases = (
				DA15FFB02BBD5DCB00513DD7 /* Sources */,
				DA15FFB12BBD5DCB00513DD7 /* Frameworks */,
				DA15FFB22BBD5DCB00513DD7 /* Resources */,
			);
			buildRules = (
			);
			dependencies = (
				DA15FFB62BBD5DCB00513DD7 /* PBXTargetDependency */,
			);
			name = MyComicsTests;
			productName = MyComicsTests;
			productReference = DA15FFB42BBD5DCB00513DD7 /* MyComicsTests.xctest */;
			productType = "com.apple.product-type.bundle.unit-test";
		};
		DA15FFBD2BBD5DCB00513DD7 /* MyComicsUITests */ = {
			isa = PBXNativeTarget;
			buildConfigurationList = DA15FFCE2BBD5DCB00513DD7 /* Build configuration list for PBXNativeTarget "MyComicsUITests" */;
			buildPhases = (
				DA15FFBA2BBD5DCB00513DD7 /* Sources */,
				DA15FFBB2BBD5DCB00513DD7 /* Frameworks */,
				DA15FFBC2BBD5DCB00513DD7 /* Resources */,
			);
			buildRules = (
			);
			dependencies = (
				DA15FFC02BBD5DCB00513DD7 /* PBXTargetDependency */,
			);
			name = MyComicsUITests;
			productName = MyComicsUITests;
			productReference = DA15FFBE2BBD5DCB00513DD7 /* MyComicsUITests.xctest */;
			productType = "com.apple.product-type.bundle.ui-testing";
		};
/* End PBXNativeTarget section */

/* Begin PBXProject section */
		DA15FF9B2BBD5DC900513DD7 /* Project object */ = {
			isa = PBXProject;
			attributes = {
				BuildIndependentTargetsInParallel = 1;
				LastSwiftUpdateCheck = 1500;
				LastUpgradeCheck = 1500;
				TargetAttributes = {
					DA15FFA22BBD5DC900513DD7 = {
						CreatedOnToolsVersion = 15.0.1;
					};
					DA15FFB32BBD5DCB00513DD7 = {
						CreatedOnToolsVersion = 15.0.1;
						TestTargetID = DA15FFA22BBD5DC900513DD7;
					};
					DA15FFBD2BBD5DCB00513DD7 = {
						CreatedOnToolsVersion = 15.0.1;
						TestTargetID = DA15FFA22BBD5DC900513DD7;
					};
				};
			};
			buildConfigurationList = DA15FF9E2BBD5DC900513DD7 /* Build configuration list for PBXProject "MyComics" */;
			compatibilityVersion = "Xcode 14.0";
			developmentRegion = en;
			hasScannedForEncodings = 0;
			knownRegions = (
				en,
				Base,
			);
			mainGroup = DA15FF9A2BBD5DC900513DD7;
			productRefGroup = DA15FFA42BBD5DC900513DD7 /* Products */;
			projectDirPath = "";
			projectRoot = "";
			targets = (
				DA15FFA22BBD5DC900513DD7 /* MyComics */,
				DA15FFB32BBD5DCB00513DD7 /* MyComicsTests */,
				DA15FFBD2BBD5DCB00513DD7 /* MyComicsUITests */,
			);
		};
/* End PBXProject section */

/* Begin PBXResourcesBuildPhase section */
		DA15FFA12BBD5DC900513DD7 /* Resources */ = {
			isa = PBXResourcesBuildPhase;
			buildActionMask = 2147483647;
			files = (
				DA15FFAF2BBD5DCA00513DD7 /* Preview Assets.xcassets in Resources */,
				DA15FFAB2BBD5DCA00513DD7 /* Assets.xcassets in Resources */,
			);
			runOnlyForDeploymentPostprocessing = 0;
		};
		DA15FFB22BBD5DCB00513DD7 /* Resources */ = {
			isa = PBXResourcesBuildPhase;
			buildActionMask = 2147483647;
			files = (
			);
			runOnlyForDeploymentPostprocessing = 0;
		};
		DA15FFBC2BBD5DCB00513DD7 /* Resources */ = {
			isa = PBXResourcesBuildPhase;
			buildActionMask = 2147483647;
			files = (
			);
			runOnlyForDeploymentPostprocessing = 0;
		};
/* End PBXResourcesBuildPhase section */

/* Begin PBXSourcesBuildPhase section */
		DA15FF9F2BBD5DC900513DD7 /* Sources */ = {
			isa = PBXSourcesBuildPhase;
			buildActionMask = 2147483647;
			files = (
				DA15FFD82BBD5F3F00513DD7 /* Constants.swift in Sources */,
				DA15FFD62BBD5EC800513DD7 /* HTTPError.swift in Sources */,
				DA15FFA92BBD5DC900513DD7 /* ContentView.swift in Sources */,
				DA15FFD32BBD5E8100513DD7 /* ComicsNetworkManager.swift in Sources */,
				DA15FFA72BBD5DC900513DD7 /* MyComicsApp.swift in Sources */,
			);
			runOnlyForDeploymentPostprocessing = 0;
		};
		DA15FFB02BBD5DCB00513DD7 /* Sources */ = {
			isa = PBXSourcesBuildPhase;
			buildActionMask = 2147483647;
			files = (
				DA15FFB92BBD5DCB00513DD7 /* MyComicsTests.swift in Sources */,
			);
			runOnlyForDeploymentPostprocessing = 0;
		};
		DA15FFBA2BBD5DCB00513DD7 /* Sources */ = {
			isa = PBXSourcesBuildPhase;
			buildActionMask = 2147483647;
			files = (
				DA15FFC52BBD5DCB00513DD7 /* MyComicsUITestsLaunchTests.swift in Sources */,
				DA15FFC32BBD5DCB00513DD7 /* MyComicsUITests.swift in Sources */,
			);
			runOnlyForDeploymentPostprocessing = 0;
		};
/* End PBXSourcesBuildPhase section */

/* Begin PBXTargetDependency section */
		DA15FFB62BBD5DCB00513DD7 /* PBXTargetDependency */ = {
			isa = PBXTargetDependency;
			target = DA15FFA22BBD5DC900513DD7 /* MyComics */;
			targetProxy = DA15FFB52BBD5DCB00513DD7 /* PBXContainerItemProxy */;
		};
		DA15FFC02BBD5DCB00513DD7 /* PBXTargetDependency */ = {
			isa = PBXTargetDependency;
			target = DA15FFA22BBD5DC900513DD7 /* MyComics */;
			targetProxy = DA15FFBF2BBD5DCB00513DD7 /* PBXContainerItemProxy */;
		};
/* End PBXTargetDependency section */

/* Begin XCBuildConfiguration section */
		DA15FFC62BBD5DCB00513DD7 /* Debug */ = {
			isa = XCBuildConfiguration;
			buildSettings = {
				ALWAYS_SEARCH_USER_PATHS = NO;
				ASSETCATALOG_COMPILER_GENERATE_SWIFT_ASSET_SYMBOL_EXTENSIONS = YES;
				CLANG_ANALYZER_NONNULL = YES;
				CLANG_ANALYZER_NUMBER_OBJECT_CONVERSION = YES_AGGRESSIVE;
				CLANG_CXX_LANGUAGE_STANDARD = "gnu++20";
				CLANG_ENABLE_MODULES = YES;
				CLANG_ENABLE_OBJC_ARC = YES;
				CLANG_ENABLE_OBJC_WEAK = YES;
				CLANG_WARN_BLOCK_CAPTURE_AUTORELEASING = YES;
				CLANG_WARN_BOOL_CONVERSION = YES;
				CLANG_WARN_COMMA = YES;
				CLANG_WARN_CONSTANT_CONVERSION = YES;
				CLANG_WARN_DEPRECATED_OBJC_IMPLEMENTATIONS = YES;
				CLANG_WARN_DIRECT_OBJC_ISA_USAGE = YES_ERROR;
				CLANG_WARN_DOCUMENTATION_COMMENTS = YES;
				CLANG_WARN_EMPTY_BODY = YES;
				CLANG_WARN_ENUM_CONVERSION = YES;
				CLANG_WARN_INFINITE_RECURSION = YES;
				CLANG_WARN_INT_CONVERSION = YES;
				CLANG_WARN_NON_LITERAL_NULL_CONVERSION = YES;
				CLANG_WARN_OBJC_IMPLICIT_RETAIN_SELF = YES;
				CLANG_WARN_OBJC_LITERAL_CONVERSION = YES;
				CLANG_WARN_OBJC_ROOT_CLASS = YES_ERROR;
				CLANG_WARN_QUOTED_INCLUDE_IN_FRAMEWORK_HEADER = YES;
				CLANG_WARN_RANGE_LOOP_ANALYSIS = YES;
				CLANG_WARN_STRICT_PROTOTYPES = YES;
				CLANG_WARN_SUSPICIOUS_MOVE = YES;
				CLANG_WARN_UNGUARDED_AVAILABILITY = YES_AGGRESSIVE;
				CLANG_WARN_UNREACHABLE_CODE = YES;
				CLANG_WARN__DUPLICATE_METHOD_MATCH = YES;
				COPY_PHASE_STRIP = NO;
				DEBUG_INFORMATION_FORMAT = dwarf;
				ENABLE_STRICT_OBJC_MSGSEND = YES;
				ENABLE_TESTABILITY = YES;
				ENABLE_USER_SCRIPT_SANDBOXING = YES;
				GCC_C_LANGUAGE_STANDARD = gnu17;
				GCC_DYNAMIC_NO_PIC = NO;
				GCC_NO_COMMON_BLOCKS = YES;
				GCC_OPTIMIZATION_LEVEL = 0;
				GCC_PREPROCESSOR_DEFINITIONS = (
					"DEBUG=1",
					"$(inherited)",
				);
				GCC_WARN_64_TO_32_BIT_CONVERSION = YES;
				GCC_WARN_ABOUT_RETURN_TYPE = YES_ERROR;
				GCC_WARN_UNDECLARED_SELECTOR = YES;
				GCC_WARN_UNINITIALIZED_AUTOS = YES_AGGRESSIVE;
				GCC_WARN_UNUSED_FUNCTION = YES;
				GCC_WARN_UNUSED_VARIABLE = YES;
				LOCALIZATION_PREFERS_STRING_CATALOGS = YES;
				MTL_ENABLE_DEBUG_INFO = INCLUDE_SOURCE;
				MTL_FAST_MATH = YES;
				ONLY_ACTIVE_ARCH = YES;
				SWIFT_ACTIVE_COMPILATION_CONDITIONS = "DEBUG $(inherited)";
				SWIFT_OPTIMIZATION_LEVEL = "-Onone";
			};
			name = Debug;
		};
		DA15FFC72BBD5DCB00513DD7 /* Release */ = {
			isa = XCBuildConfiguration;
			buildSettings = {
				ALWAYS_SEARCH_USER_PATHS = NO;
				ASSETCATALOG_COMPILER_GENERATE_SWIFT_ASSET_SYMBOL_EXTENSIONS = YES;
				CLANG_ANALYZER_NONNULL = YES;
				CLANG_ANALYZER_NUMBER_OBJECT_CONVERSION = YES_AGGRESSIVE;
				CLANG_CXX_LANGUAGE_STANDARD = "gnu++20";
				CLANG_ENABLE_MODULES = YES;
				CLANG_ENABLE_OBJC_ARC = YES;
				CLANG_ENABLE_OBJC_WEAK = YES;
				CLANG_WARN_BLOCK_CAPTURE_AUTORELEASING = YES;
				CLANG_WARN_BOOL_CONVERSION = YES;
				CLANG_WARN_COMMA = YES;
				CLANG_WARN_CONSTANT_CONVERSION = YES;
				CLANG_WARN_DEPRECATED_OBJC_IMPLEMENTATIONS = YES;
				CLANG_WARN_DIRECT_OBJC_ISA_USAGE = YES_ERROR;
				CLANG_WARN_DOCUMENTATION_COMMENTS = YES;
				CLANG_WARN_EMPTY_BODY = YES;
				CLANG_WARN_ENUM_CONVERSION = YES;
				CLANG_WARN_INFINITE_RECURSION = YES;
				CLANG_WARN_INT_CONVERSION = YES;
				CLANG_WARN_NON_LITERAL_NULL_CONVERSION = YES;
				CLANG_WARN_OBJC_IMPLICIT_RETAIN_SELF = YES;
				CLANG_WARN_OBJC_LITERAL_CONVERSION = YES;
				CLANG_WARN_OBJC_ROOT_CLASS = YES_ERROR;
				CLANG_WARN_QUOTED_INCLUDE_IN_FRAMEWORK_HEADER = YES;
				CLANG_WARN_RANGE_LOOP_ANALYSIS = YES;
				CLANG_WARN_STRICT_PROTOTYPES = YES;
				CLANG_WARN_SUSPICIOUS_MOVE = YES;
				CLANG_WARN_UNGUARDED_AVAILABILITY = YES_AGGRESSIVE;
				CLANG_WARN_UNREACHABLE_CODE = YES;
				CLANG_WARN__DUPLICATE_METHOD_MATCH = YES;
				COPY_PHASE_STRIP = NO;
				DEBUG_INFORMATION_FORMAT = "dwarf-with-dsym";
				ENABLE_NS_ASSERTIONS = NO;
				ENABLE_STRICT_OBJC_MSGSEND = YES;
				ENABLE_USER_SCRIPT_SANDBOXING = YES;
				GCC_C_LANGUAGE_STANDARD = gnu17;
				GCC_NO_COMMON_BLOCKS = YES;
				GCC_WARN_64_TO_32_BIT_CONVERSION = YES;
				GCC_WARN_ABOUT_RETURN_TYPE = YES_ERROR;
				GCC_WARN_UNDECLARED_SELECTOR = YES;
				GCC_WARN_UNINITIALIZED_AUTOS = YES_AGGRESSIVE;
				GCC_WARN_UNUSED_FUNCTION = YES;
				GCC_WARN_UNUSED_VARIABLE = YES;
				LOCALIZATION_PREFERS_STRING_CATALOGS = YES;
				MTL_ENABLE_DEBUG_INFO = NO;
				MTL_FAST_MATH = YES;
				SWIFT_COMPILATION_MODE = wholemodule;
			};
			name = Release;
		};
		DA15FFC92BBD5DCB00513DD7 /* Debug */ = {
			isa = XCBuildConfiguration;
			buildSettings = {
				ASSETCATALOG_COMPILER_APPICON_NAME = AppIcon;
				ASSETCATALOG_COMPILER_GLOBAL_ACCENT_COLOR_NAME = AccentColor;
				CODE_SIGN_ENTITLEMENTS = MyComics/MyComics.entitlements;
				CODE_SIGN_STYLE = Automatic;
				CURRENT_PROJECT_VERSION = 1;
				DEVELOPMENT_ASSET_PATHS = "\"MyComics/Preview Content\"";
				ENABLE_PREVIEWS = YES;
				GENERATE_INFOPLIST_FILE = YES;
				"INFOPLIST_KEY_UIApplicationSceneManifest_Generation[sdk=iphoneos*]" = YES;
				"INFOPLIST_KEY_UIApplicationSceneManifest_Generation[sdk=iphonesimulator*]" = YES;
				"INFOPLIST_KEY_UIApplicationSupportsIndirectInputEvents[sdk=iphoneos*]" = YES;
				"INFOPLIST_KEY_UIApplicationSupportsIndirectInputEvents[sdk=iphonesimulator*]" = YES;
				"INFOPLIST_KEY_UILaunchScreen_Generation[sdk=iphoneos*]" = YES;
				"INFOPLIST_KEY_UILaunchScreen_Generation[sdk=iphonesimulator*]" = YES;
				"INFOPLIST_KEY_UIStatusBarStyle[sdk=iphoneos*]" = UIStatusBarStyleDefault;
				"INFOPLIST_KEY_UIStatusBarStyle[sdk=iphonesimulator*]" = UIStatusBarStyleDefault;
				INFOPLIST_KEY_UISupportedInterfaceOrientations_iPad = "UIInterfaceOrientationPortrait UIInterfaceOrientationPortraitUpsideDown UIInterfaceOrientationLandscapeLeft UIInterfaceOrientationLandscapeRight";
				INFOPLIST_KEY_UISupportedInterfaceOrientations_iPhone = "UIInterfaceOrientationPortrait UIInterfaceOrientationLandscapeLeft UIInterfaceOrientationLandscapeRight";
				IPHONEOS_DEPLOYMENT_TARGET = 17.0;
				LD_RUNPATH_SEARCH_PATHS = "@executable_path/Frameworks";
				"LD_RUNPATH_SEARCH_PATHS[sdk=macosx*]" = "@executable_path/../Frameworks";
				MACOSX_DEPLOYMENT_TARGET = 14.0;
				MARKETING_VERSION = 1.0;
				PRODUCT_BUNDLE_IDENTIFIER = com.xramos.MyComics;
				PRODUCT_NAME = "$(TARGET_NAME)";
				SDKROOT = auto;
				SUPPORTED_PLATFORMS = "iphoneos iphonesimulator macosx";
				SWIFT_EMIT_LOC_STRINGS = YES;
				SWIFT_VERSION = 5.0;
				TARGETED_DEVICE_FAMILY = "1,2";
			};
			name = Debug;
		};
		DA15FFCA2BBD5DCB00513DD7 /* Release */ = {
			isa = XCBuildConfiguration;
			buildSettings = {
				ASSETCATALOG_COMPILER_APPICON_NAME = AppIcon;
				ASSETCATALOG_COMPILER_GLOBAL_ACCENT_COLOR_NAME = AccentColor;
				CODE_SIGN_ENTITLEMENTS = MyComics/MyComics.entitlements;
				CODE_SIGN_STYLE = Automatic;
				CURRENT_PROJECT_VERSION = 1;
				DEVELOPMENT_ASSET_PATHS = "\"MyComics/Preview Content\"";
				ENABLE_PREVIEWS = YES;
				GENERATE_INFOPLIST_FILE = YES;
				"INFOPLIST_KEY_UIApplicationSceneManifest_Generation[sdk=iphoneos*]" = YES;
				"INFOPLIST_KEY_UIApplicationSceneManifest_Generation[sdk=iphonesimulator*]" = YES;
				"INFOPLIST_KEY_UIApplicationSupportsIndirectInputEvents[sdk=iphoneos*]" = YES;
				"INFOPLIST_KEY_UIApplicationSupportsIndirectInputEvents[sdk=iphonesimulator*]" = YES;
				"INFOPLIST_KEY_UILaunchScreen_Generation[sdk=iphoneos*]" = YES;
				"INFOPLIST_KEY_UILaunchScreen_Generation[sdk=iphonesimulator*]" = YES;
				"INFOPLIST_KEY_UIStatusBarStyle[sdk=iphoneos*]" = UIStatusBarStyleDefault;
				"INFOPLIST_KEY_UIStatusBarStyle[sdk=iphonesimulator*]" = UIStatusBarStyleDefault;
				INFOPLIST_KEY_UISupportedInterfaceOrientations_iPad = "UIInterfaceOrientationPortrait UIInterfaceOrientationPortraitUpsideDown UIInterfaceOrientationLandscapeLeft UIInterfaceOrientationLandscapeRight";
				INFOPLIST_KEY_UISupportedInterfaceOrientations_iPhone = "UIInterfaceOrientationPortrait UIInterfaceOrientationLandscapeLeft UIInterfaceOrientationLandscapeRight";
				IPHONEOS_DEPLOYMENT_TARGET = 17.0;
				LD_RUNPATH_SEARCH_PATHS = "@executable_path/Frameworks";
				"LD_RUNPATH_SEARCH_PATHS[sdk=macosx*]" = "@executable_path/../Frameworks";
				MACOSX_DEPLOYMENT_TARGET = 14.0;
				MARKETING_VERSION = 1.0;
				PRODUCT_BUNDLE_IDENTIFIER = com.xramos.MyComics;
				PRODUCT_NAME = "$(TARGET_NAME)";
				SDKROOT = auto;
				SUPPORTED_PLATFORMS = "iphoneos iphonesimulator macosx";
				SWIFT_EMIT_LOC_STRINGS = YES;
				SWIFT_VERSION = 5.0;
				TARGETED_DEVICE_FAMILY = "1,2";
			};
			name = Release;
		};
		DA15FFCC2BBD5DCB00513DD7 /* Debug */ = {
			isa = XCBuildConfiguration;
			buildSettings = {
				ALWAYS_EMBED_SWIFT_STANDARD_LIBRARIES = YES;
				BUNDLE_LOADER = "$(TEST_HOST)";
				CODE_SIGN_STYLE = Automatic;
				CURRENT_PROJECT_VERSION = 1;
				GENERATE_INFOPLIST_FILE = YES;
				IPHONEOS_DEPLOYMENT_TARGET = 17.0;
				MACOSX_DEPLOYMENT_TARGET = 14.0;
				MARKETING_VERSION = 1.0;
				PRODUCT_BUNDLE_IDENTIFIER = com.xramos.MyComicsTests;
				PRODUCT_NAME = "$(TARGET_NAME)";
				SDKROOT = auto;
				SUPPORTED_PLATFORMS = "iphoneos iphonesimulator macosx";
				SWIFT_EMIT_LOC_STRINGS = NO;
				SWIFT_VERSION = 5.0;
				TARGETED_DEVICE_FAMILY = "1,2";
				TEST_HOST = "$(BUILT_PRODUCTS_DIR)/MyComics.app/$(BUNDLE_EXECUTABLE_FOLDER_PATH)/MyComics";
			};
			name = Debug;
		};
		DA15FFCD2BBD5DCB00513DD7 /* Release */ = {
			isa = XCBuildConfiguration;
			buildSettings = {
				ALWAYS_EMBED_SWIFT_STANDARD_LIBRARIES = YES;
				BUNDLE_LOADER = "$(TEST_HOST)";
				CODE_SIGN_STYLE = Automatic;
				CURRENT_PROJECT_VERSION = 1;
				GENERATE_INFOPLIST_FILE = YES;
				IPHONEOS_DEPLOYMENT_TARGET = 17.0;
				MACOSX_DEPLOYMENT_TARGET = 14.0;
				MARKETING_VERSION = 1.0;
				PRODUCT_BUNDLE_IDENTIFIER = com.xramos.MyComicsTests;
				PRODUCT_NAME = "$(TARGET_NAME)";
				SDKROOT = auto;
				SUPPORTED_PLATFORMS = "iphoneos iphonesimulator macosx";
				SWIFT_EMIT_LOC_STRINGS = NO;
				SWIFT_VERSION = 5.0;
				TARGETED_DEVICE_FAMILY = "1,2";
				TEST_HOST = "$(BUILT_PRODUCTS_DIR)/MyComics.app/$(BUNDLE_EXECUTABLE_FOLDER_PATH)/MyComics";
			};
			name = Release;
		};
		DA15FFCF2BBD5DCB00513DD7 /* Debug */ = {
			isa = XCBuildConfiguration;
			buildSettings = {
				ALWAYS_EMBED_SWIFT_STANDARD_LIBRARIES = YES;
				CODE_SIGN_STYLE = Automatic;
				CURRENT_PROJECT_VERSION = 1;
				GENERATE_INFOPLIST_FILE = YES;
				IPHONEOS_DEPLOYMENT_TARGET = 17.0;
				MACOSX_DEPLOYMENT_TARGET = 14.0;
				MARKETING_VERSION = 1.0;
				PRODUCT_BUNDLE_IDENTIFIER = com.xramos.MyComicsUITests;
				PRODUCT_NAME = "$(TARGET_NAME)";
				SDKROOT = auto;
				SUPPORTED_PLATFORMS = "iphoneos iphonesimulator macosx";
				SWIFT_EMIT_LOC_STRINGS = NO;
				SWIFT_VERSION = 5.0;
				TARGETED_DEVICE_FAMILY = "1,2";
				TEST_TARGET_NAME = MyComics;
			};
			name = Debug;
		};
		DA15FFD02BBD5DCB00513DD7 /* Release */ = {
			isa = XCBuildConfiguration;
			buildSettings = {
				ALWAYS_EMBED_SWIFT_STANDARD_LIBRARIES = YES;
				CODE_SIGN_STYLE = Automatic;
				CURRENT_PROJECT_VERSION = 1;
				GENERATE_INFOPLIST_FILE = YES;
				IPHONEOS_DEPLOYMENT_TARGET = 17.0;
				MACOSX_DEPLOYMENT_TARGET = 14.0;
				MARKETING_VERSION = 1.0;
				PRODUCT_BUNDLE_IDENTIFIER = com.xramos.MyComicsUITests;
				PRODUCT_NAME = "$(TARGET_NAME)";
				SDKROOT = auto;
				SUPPORTED_PLATFORMS = "iphoneos iphonesimulator macosx";
				SWIFT_EMIT_LOC_STRINGS = NO;
				SWIFT_VERSION = 5.0;
				TARGETED_DEVICE_FAMILY = "1,2";
				TEST_TARGET_NAME = MyComics;
			};
			name = Release;
		};
/* End XCBuildConfiguration section */

/* Begin XCConfigurationList section */
		DA15FF9E2BBD5DC900513DD7 /* Build configuration list for PBXProject "MyComics" */ = {
			isa = XCConfigurationList;
			buildConfigurations = (
				DA15FFC62BBD5DCB00513DD7 /* Debug */,
				DA15FFC72BBD5DCB00513DD7 /* Release */,
			);
			defaultConfigurationIsVisible = 0;
			defaultConfigurationName = Release;
		};
		DA15FFC82BBD5DCB00513DD7 /* Build configuration list for PBXNativeTarget "MyComics" */ = {
			isa = XCConfigurationList;
			buildConfigurations = (
				DA15FFC92BBD5DCB00513DD7 /* Debug */,
				DA15FFCA2BBD5DCB00513DD7 /* Release */,
			);
			defaultConfigurationIsVisible = 0;
			defaultConfigurationName = Release;
		};
		DA15FFCB2BBD5DCB00513DD7 /* Build configuration list for PBXNativeTarget "MyComicsTests" */ = {
			isa = XCConfigurationList;
			buildConfigurations = (
				DA15FFCC2BBD5DCB00513DD7 /* Debug */,
				DA15FFCD2BBD5DCB00513DD7 /* Release */,
			);
			defaultConfigurationIsVisible = 0;
			defaultConfigurationName = Release;
		};
		DA15FFCE2BBD5DCB00513DD7 /* Build configuration list for PBXNativeTarget "MyComicsUITests" */ = {
			isa = XCConfigurationList;
			buildConfigurations = (
				DA15FFCF2BBD5DCB00513DD7 /* Debug */,
				DA15FFD02BBD5DCB00513DD7 /* Release */,
			);
			defaultConfigurationIsVisible = 0;
			defaultConfigurationName = Release;
		};
/* End XCConfigurationList section */
	};
	rootObject = DA15FF9B2BBD5DC900513DD7 /* Project object */;
}
