// !$*UTF8*$!
{
	archiveVersion = 1;
	classes = {
	};
	objectVersion = 56;
	objects = {

/* Begin PBXBuildFile section */
		DA1500002BBD665400513DD7 /* Repository.swift in Sources */ = {isa = PBXBuildFile; fileRef = DA15FFFF2BBD665400513DD7 /* Repository.swift */; };
		DA1500022BBD668700513DD7 /* RepositoryImplementation.swift in Sources */ = {isa = PBXBuildFile; fileRef = DA1500012BBD668700513DD7 /* RepositoryImplementation.swift */; };
		DA1500042BBD66D000513DD7 /* RemoteDataSource.swift in Sources */ = {isa = PBXBuildFile; fileRef = DA1500032BBD66D000513DD7 /* RemoteDataSource.swift */; };
		DA1500072BBD688E00513DD7 /* URLProtocolMock.swift in Sources */ = {isa = PBXBuildFile; fileRef = DA1500062BBD688E00513DD7 /* URLProtocolMock.swift */; };
		DA15000A2BBD68D500513DD7 /* RemoteDataSourceUnitTests.swift in Sources */ = {isa = PBXBuildFile; fileRef = DA1500092BBD68D500513DD7 /* RemoteDataSourceUnitTests.swift */; };
		DA15000C2BBD696800513DD7 /* RepositoryImplementationUnitTests.swift in Sources */ = {isa = PBXBuildFile; fileRef = DA15000B2BBD696800513DD7 /* RepositoryImplementationUnitTests.swift */; };
		DA15FFA72BBD5DC900513DD7 /* MyComicsApp.swift in Sources */ = {isa = PBXBuildFile; fileRef = DA15FFA62BBD5DC900513DD7 /* MyComicsApp.swift */; };
		DA15FFAB2BBD5DCA00513DD7 /* Assets.xcassets in Resources */ = {isa = PBXBuildFile; fileRef = DA15FFAA2BBD5DCA00513DD7 /* Assets.xcassets */; };
		DA15FFAF2BBD5DCA00513DD7 /* Preview Assets.xcassets in Resources */ = {isa = PBXBuildFile; fileRef = DA15FFAE2BBD5DCA00513DD7 /* Preview Assets.xcassets */; };
		DA15FFC32BBD5DCB00513DD7 /* MyComicsUITests.swift in Sources */ = {isa = PBXBuildFile; fileRef = DA15FFC22BBD5DCB00513DD7 /* MyComicsUITests.swift */; };
		DA15FFC52BBD5DCB00513DD7 /* MyComicsUITestsLaunchTests.swift in Sources */ = {isa = PBXBuildFile; fileRef = DA15FFC42BBD5DCB00513DD7 /* MyComicsUITestsLaunchTests.swift */; };
		DA15FFD32BBD5E8100513DD7 /* ComicsNetworkManager.swift in Sources */ = {isa = PBXBuildFile; fileRef = DA15FFD22BBD5E8100513DD7 /* ComicsNetworkManager.swift */; };
		DA15FFD62BBD5EC800513DD7 /* HTTPError.swift in Sources */ = {isa = PBXBuildFile; fileRef = DA15FFD52BBD5EC800513DD7 /* HTTPError.swift */; };
		DA15FFD82BBD5F3F00513DD7 /* Constants.swift in Sources */ = {isa = PBXBuildFile; fileRef = DA15FFD72BBD5F3F00513DD7 /* Constants.swift */; };
		DA15FFDE2BBD5FD300513DD7 /* ServerImageModel.swift in Sources */ = {isa = PBXBuildFile; fileRef = DA15FFDD2BBD5FD300513DD7 /* ServerImageModel.swift */; };
		DA15FFE02BBD5FF000513DD7 /* ImageModel.swift in Sources */ = {isa = PBXBuildFile; fileRef = DA15FFDF2BBD5FF000513DD7 /* ImageModel.swift */; };
		DA15FFE22BBD603400513DD7 /* ServerBaseResponse.swift in Sources */ = {isa = PBXBuildFile; fileRef = DA15FFE12BBD603400513DD7 /* ServerBaseResponse.swift */; };
		DA15FFE42BBD604700513DD7 /* ServerBaseArrayResponse.swift in Sources */ = {isa = PBXBuildFile; fileRef = DA15FFE32BBD604700513DD7 /* ServerBaseArrayResponse.swift */; };
		DA15FFE62BBD606E00513DD7 /* ServerOrigin.swift in Sources */ = {isa = PBXBuildFile; fileRef = DA15FFE52BBD606E00513DD7 /* ServerOrigin.swift */; };
		DA15FFE82BBD612300513DD7 /* ServerPower.swift in Sources */ = {isa = PBXBuildFile; fileRef = DA15FFE72BBD612300513DD7 /* ServerPower.swift */; };
		DA15FFEA2BBD618200513DD7 /* Power.swift in Sources */ = {isa = PBXBuildFile; fileRef = DA15FFE92BBD618200513DD7 /* Power.swift */; };
		DA15FFEC2BBD61AD00513DD7 /* Gender.swift in Sources */ = {isa = PBXBuildFile; fileRef = DA15FFEB2BBD61AD00513DD7 /* Gender.swift */; };
		DA15FFEE2BBD61C200513DD7 /* ServerCharacter.swift in Sources */ = {isa = PBXBuildFile; fileRef = DA15FFED2BBD61C200513DD7 /* ServerCharacter.swift */; };
		DA15FFF02BBD621300513DD7 /* Character.swift in Sources */ = {isa = PBXBuildFile; fileRef = DA15FFEF2BBD621300513DD7 /* Character.swift */; };
		DA15FFF72BBD628F00513DD7 /* ServerCharacterUnitTests.swift in Sources */ = {isa = PBXBuildFile; fileRef = DA15FFF62BBD628F00513DD7 /* ServerCharacterUnitTests.swift */; };
		DA15FFF92BBD62E800513DD7 /* ServerImageModelUnitTests.swift in Sources */ = {isa = PBXBuildFile; fileRef = DA15FFF82BBD62E800513DD7 /* ServerImageModelUnitTests.swift */; };
		DA15FFFB2BBD640200513DD7 /* ServerPowerUnitTests.swift in Sources */ = {isa = PBXBuildFile; fileRef = DA15FFFA2BBD640200513DD7 /* ServerPowerUnitTests.swift */; };
		DA15FFFD2BBD643B00513DD7 /* CharacterUnitTests.swift in Sources */ = {isa = PBXBuildFile; fileRef = DA15FFFC2BBD643B00513DD7 /* CharacterUnitTests.swift */; };
		DA51ADBE2BD95AAC000E51EA /* AppBackground.swift in Sources */ = {isa = PBXBuildFile; fileRef = DA51ADBD2BD95AAC000E51EA /* AppBackground.swift */; };
		DAC47E752BD6A4AF00FD0CE9 /* Value.swift in Sources */ = {isa = PBXBuildFile; fileRef = DAC47E732BD6A4AF00FD0CE9 /* Value.swift */; };
		DAC47E762BD6A4AF00FD0CE9 /* Colors.swift in Sources */ = {isa = PBXBuildFile; fileRef = DAC47E742BD6A4AF00FD0CE9 /* Colors.swift */; };
		DAD60F6A2BC3EBF7001ED57A /* TabItem.swift in Sources */ = {isa = PBXBuildFile; fileRef = DAD60F692BC3EBF7001ED57A /* TabItem.swift */; };
		DAD60F6C2BC3EC07001ED57A /* TabBar.swift in Sources */ = {isa = PBXBuildFile; fileRef = DAD60F6B2BC3EC07001ED57A /* TabBar.swift */; };
		DAD60F6E2BC3ECA1001ED57A /* SearchView.swift in Sources */ = {isa = PBXBuildFile; fileRef = DAD60F6D2BC3ECA1001ED57A /* SearchView.swift */; };
		DAD60F702BC3ECBD001ED57A /* FavoritesView.swift in Sources */ = {isa = PBXBuildFile; fileRef = DAD60F6F2BC3ECBD001ED57A /* FavoritesView.swift */; };
		DAD60F722BC3EE27001ED57A /* TabBarLocalization.swift in Sources */ = {isa = PBXBuildFile; fileRef = DAD60F712BC3EE27001ED57A /* TabBarLocalization.swift */; };
		DAD60F742BC3EFBB001ED57A /* SearchViewModel.swift in Sources */ = {isa = PBXBuildFile; fileRef = DAD60F732BC3EFBB001ED57A /* SearchViewModel.swift */; };
		DAD60F762BC3F14C001ED57A /* SearchLocalization.swift in Sources */ = {isa = PBXBuildFile; fileRef = DAD60F752BC3F14C001ED57A /* SearchLocalization.swift */; };
		DAD60F792BC3F4A1001ED57A /* CharacterDetailViewModel.swift in Sources */ = {isa = PBXBuildFile; fileRef = DAD60F782BC3F4A1001ED57A /* CharacterDetailViewModel.swift */; };
		DAD60F7B2BC3F514001ED57A /* CharacterDetailView.swift in Sources */ = {isa = PBXBuildFile; fileRef = DAD60F7A2BC3F514001ED57A /* CharacterDetailView.swift */; };
		DAD60F7E2BC3F5E7001ED57A /* SearchCharacterUseCase.swift in Sources */ = {isa = PBXBuildFile; fileRef = DAD60F7D2BC3F5E7001ED57A /* SearchCharacterUseCase.swift */; };
		DAD60F802BC3F6A5001ED57A /* GetCharacterDetailUseCase.swift in Sources */ = {isa = PBXBuildFile; fileRef = DAD60F7F2BC3F6A5001ED57A /* GetCharacterDetailUseCase.swift */; };
		DAD60F832BC3F73B001ED57A /* CharacterListView.swift in Sources */ = {isa = PBXBuildFile; fileRef = DAD60F822BC3F73B001ED57A /* CharacterListView.swift */; };
		DAD60F882BC3FCFF001ED57A /* PreviewView.swift in Sources */ = {isa = PBXBuildFile; fileRef = DAD60F872BC3FCFF001ED57A /* PreviewView.swift */; };
		DAD60F8A2BC4086D001ED57A /* CharacterDetailLocalization.swift in Sources */ = {isa = PBXBuildFile; fileRef = DAD60F892BC4086D001ED57A /* CharacterDetailLocalization.swift */; };
		DAD60F8C2BC42CD3001ED57A /* CharacterImageView.swift in Sources */ = {isa = PBXBuildFile; fileRef = DAD60F8B2BC42CD3001ED57A /* CharacterImageView.swift */; };
		DAD60F8E2BC42EC2001ED57A /* FavoritesViewModel.swift in Sources */ = {isa = PBXBuildFile; fileRef = DAD60F8D2BC42EC2001ED57A /* FavoritesViewModel.swift */; };
		DAD60F902BC42FA1001ED57A /* FavoritesLocalization.swift in Sources */ = {isa = PBXBuildFile; fileRef = DAD60F8F2BC42FA1001ED57A /* FavoritesLocalization.swift */; };
		DAD60F932BC4310A001ED57A /* Persistence.swift in Sources */ = {isa = PBXBuildFile; fileRef = DAD60F922BC4310A001ED57A /* Persistence.swift */; };
		DAD60F952BC431A6001ED57A /* CoreDataStack.swift in Sources */ = {isa = PBXBuildFile; fileRef = DAD60F942BC431A6001ED57A /* CoreDataStack.swift */; };
		DAD60F972BC431C1001ED57A /* DBManager.swift in Sources */ = {isa = PBXBuildFile; fileRef = DAD60F962BC431C1001ED57A /* DBManager.swift */; };
		DAD60F992BC43220001ED57A /* DBImage.swift in Sources */ = {isa = PBXBuildFile; fileRef = DAD60F982BC43220001ED57A /* DBImage.swift */; };
		DAD60F9C2BC43252001ED57A /* Model.xcdatamodeld in Sources */ = {isa = PBXBuildFile; fileRef = DAD60F9A2BC43252001ED57A /* Model.xcdatamodeld */; };
		DAD60F9E2BC43478001ED57A /* DBPower.swift in Sources */ = {isa = PBXBuildFile; fileRef = DAD60F9D2BC43478001ED57A /* DBPower.swift */; };
		DAD60FA02BC434B7001ED57A /* DBCharacter.swift in Sources */ = {isa = PBXBuildFile; fileRef = DAD60F9F2BC434B7001ED57A /* DBCharacter.swift */; };
		DAD60FA22BC43658001ED57A /* LocalDataSource.swift in Sources */ = {isa = PBXBuildFile; fileRef = DAD60FA12BC43658001ED57A /* LocalDataSource.swift */; };
		DAD60FA42BC4384D001ED57A /* SaveCharacterUseCase.swift in Sources */ = {isa = PBXBuildFile; fileRef = DAD60FA32BC4384D001ED57A /* SaveCharacterUseCase.swift */; };
		DAD60FA62BC438A0001ED57A /* RemoveCharacterUseCase.swift in Sources */ = {isa = PBXBuildFile; fileRef = DAD60FA52BC438A0001ED57A /* RemoveCharacterUseCase.swift */; };
		DAD60FA82BC438D7001ED57A /* ExistCharacterUseCase.swift in Sources */ = {isa = PBXBuildFile; fileRef = DAD60FA72BC438D7001ED57A /* ExistCharacterUseCase.swift */; };
		DAD60FAA2BC4392D001ED57A /* GetCharactersUseCase.swift in Sources */ = {isa = PBXBuildFile; fileRef = DAD60FA92BC4392D001ED57A /* GetCharactersUseCase.swift */; };
/* End PBXBuildFile section */

/* Begin PBXContainerItemProxy section */
		DA15FFB52BBD5DCB00513DD7 /* PBXContainerItemProxy */ = {
			isa = PBXContainerItemProxy;
			containerPortal = DA15FF9B2BBD5DC900513DD7 /* Project object */;
			proxyType = 1;
			remoteGlobalIDString = DA15FFA22BBD5DC900513DD7;
			remoteInfo = MyComics;
		};
		DA15FFBF2BBD5DCB00513DD7 /* PBXContainerItemProxy */ = {
			isa = PBXContainerItemProxy;
			containerPortal = DA15FF9B2BBD5DC900513DD7 /* Project object */;
			proxyType = 1;
			remoteGlobalIDString = DA15FFA22BBD5DC900513DD7;
			remoteInfo = MyComics;
		};
/* End PBXContainerItemProxy section */

/* Begin PBXFileReference section */
		DA1500012BBD668700513DD7 /* RepositoryImplementation.swift */ = {isa = PBXFileReference; lastKnownFileType = sourcecode.swift; path = RepositoryImplementation.swift; sourceTree = "<group>"; };
		DA1500032BBD66D000513DD7 /* RemoteDataSource.swift */ = {isa = PBXFileReference; lastKnownFileType = sourcecode.swift; path = RemoteDataSource.swift; sourceTree = "<group>"; };
		DA1500062BBD688E00513DD7 /* URLProtocolMock.swift */ = {isa = PBXFileReference; lastKnownFileType = sourcecode.swift; path = URLProtocolMock.swift; sourceTree = "<group>"; };
		DA1500092BBD68D500513DD7 /* RemoteDataSourceUnitTests.swift */ = {isa = PBXFileReference; lastKnownFileType = sourcecode.swift; path = RemoteDataSourceUnitTests.swift; sourceTree = "<group>"; };
		DA15000B2BBD696800513DD7 /* RepositoryImplementationUnitTests.swift */ = {isa = PBXFileReference; lastKnownFileType = sourcecode.swift; path = RepositoryImplementationUnitTests.swift; sourceTree = "<group>"; };
		DA15FFA32BBD5DC900513DD7 /* MyComics.app */ = {isa = PBXFileReference; explicitFileType = wrapper.application; includeInIndex = 0; path = MyComics.app; sourceTree = BUILT_PRODUCTS_DIR; };
		DA15FFA62BBD5DC900513DD7 /* MyComicsApp.swift */ = {isa = PBXFileReference; lastKnownFileType = sourcecode.swift; path = MyComicsApp.swift; sourceTree = "<group>"; };
		DA15FFAA2BBD5DCA00513DD7 /* Assets.xcassets */ = {isa = PBXFileReference; lastKnownFileType = folder.assetcatalog; path = Assets.xcassets; sourceTree = "<group>"; };
		DA15FFAC2BBD5DCA00513DD7 /* MyComics.entitlements */ = {isa = PBXFileReference; lastKnownFileType = text.plist.entitlements; path = MyComics.entitlements; sourceTree = "<group>"; };
		DA15FFAE2BBD5DCA00513DD7 /* Preview Assets.xcassets */ = {isa = PBXFileReference; lastKnownFileType = folder.assetcatalog; path = "Preview Assets.xcassets"; sourceTree = "<group>"; };
		DA15FFB42BBD5DCB00513DD7 /* MyComicsTests.xctest */ = {isa = PBXFileReference; explicitFileType = wrapper.cfbundle; includeInIndex = 0; path = MyComicsTests.xctest; sourceTree = BUILT_PRODUCTS_DIR; };
		DA15FFBE2BBD5DCB00513DD7 /* MyComicsUITests.xctest */ = {isa = PBXFileReference; explicitFileType = wrapper.cfbundle; includeInIndex = 0; path = MyComicsUITests.xctest; sourceTree = BUILT_PRODUCTS_DIR; };
		DA15FFC22BBD5DCB00513DD7 /* MyComicsUITests.swift */ = {isa = PBXFileReference; lastKnownFileType = sourcecode.swift; path = MyComicsUITests.swift; sourceTree = "<group>"; };
		DA15FFC42BBD5DCB00513DD7 /* MyComicsUITestsLaunchTests.swift */ = {isa = PBXFileReference; lastKnownFileType = sourcecode.swift; path = MyComicsUITestsLaunchTests.swift; sourceTree = "<group>"; };
		DA15FFD22BBD5E8100513DD7 /* ComicsNetworkManager.swift */ = {isa = PBXFileReference; lastKnownFileType = sourcecode.swift; path = ComicsNetworkManager.swift; sourceTree = "<group>"; };
		DA15FFD52BBD5EC800513DD7 /* HTTPError.swift */ = {isa = PBXFileReference; lastKnownFileType = sourcecode.swift; path = HTTPError.swift; sourceTree = "<group>"; };
		DA15FFD72BBD5F3F00513DD7 /* Constants.swift */ = {isa = PBXFileReference; lastKnownFileType = sourcecode.swift; path = Constants.swift; sourceTree = "<group>"; };
		DA15FFDD2BBD5FD300513DD7 /* ServerImageModel.swift */ = {isa = PBXFileReference; lastKnownFileType = sourcecode.swift; path = ServerImageModel.swift; sourceTree = "<group>"; };
		DA15FFDF2BBD5FF000513DD7 /* ImageModel.swift */ = {isa = PBXFileReference; lastKnownFileType = sourcecode.swift; path = ImageModel.swift; sourceTree = "<group>"; };
		DA15FFE12BBD603400513DD7 /* ServerBaseResponse.swift */ = {isa = PBXFileReference; lastKnownFileType = sourcecode.swift; path = ServerBaseResponse.swift; sourceTree = "<group>"; };
		DA15FFE32BBD604700513DD7 /* ServerBaseArrayResponse.swift */ = {isa = PBXFileReference; lastKnownFileType = sourcecode.swift; path = ServerBaseArrayResponse.swift; sourceTree = "<group>"; };
		DA15FFE52BBD606E00513DD7 /* ServerOrigin.swift */ = {isa = PBXFileReference; lastKnownFileType = sourcecode.swift; path = ServerOrigin.swift; sourceTree = "<group>"; };
		DA15FFE72BBD612300513DD7 /* ServerPower.swift */ = {isa = PBXFileReference; lastKnownFileType = sourcecode.swift; path = ServerPower.swift; sourceTree = "<group>"; };
		DA15FFE92BBD618200513DD7 /* Power.swift */ = {isa = PBXFileReference; lastKnownFileType = sourcecode.swift; path = Power.swift; sourceTree = "<group>"; };
		DA15FFEB2BBD61AD00513DD7 /* Gender.swift */ = {isa = PBXFileReference; lastKnownFileType = sourcecode.swift; path = Gender.swift; sourceTree = "<group>"; };
		DA15FFED2BBD61C200513DD7 /* ServerCharacter.swift */ = {isa = PBXFileReference; lastKnownFileType = sourcecode.swift; path = ServerCharacter.swift; sourceTree = "<group>"; };
		DA15FFEF2BBD621300513DD7 /* Character.swift */ = {isa = PBXFileReference; lastKnownFileType = sourcecode.swift; path = Character.swift; sourceTree = "<group>"; };
		DA15FFF62BBD628F00513DD7 /* ServerCharacterUnitTests.swift */ = {isa = PBXFileReference; lastKnownFileType = sourcecode.swift; path = ServerCharacterUnitTests.swift; sourceTree = "<group>"; };
		DA15FFF82BBD62E800513DD7 /* ServerImageModelUnitTests.swift */ = {isa = PBXFileReference; lastKnownFileType = sourcecode.swift; path = ServerImageModelUnitTests.swift; sourceTree = "<group>"; };
		DA15FFFA2BBD640200513DD7 /* ServerPowerUnitTests.swift */ = {isa = PBXFileReference; lastKnownFileType = sourcecode.swift; path = ServerPowerUnitTests.swift; sourceTree = "<group>"; };
		DA15FFFC2BBD643B00513DD7 /* CharacterUnitTests.swift */ = {isa = PBXFileReference; lastKnownFileType = sourcecode.swift; path = CharacterUnitTests.swift; sourceTree = "<group>"; };
		DA15FFFF2BBD665400513DD7 /* Repository.swift */ = {isa = PBXFileReference; lastKnownFileType = sourcecode.swift; path = Repository.swift; sourceTree = "<group>"; };
		DA51ADBD2BD95AAC000E51EA /* AppBackground.swift */ = {isa = PBXFileReference; lastKnownFileType = sourcecode.swift; path = AppBackground.swift; sourceTree = "<group>"; };
		DAC47E732BD6A4AF00FD0CE9 /* Value.swift */ = {isa = PBXFileReference; fileEncoding = 4; lastKnownFileType = sourcecode.swift; path = Value.swift; sourceTree = "<group>"; };
		DAC47E742BD6A4AF00FD0CE9 /* Colors.swift */ = {isa = PBXFileReference; fileEncoding = 4; lastKnownFileType = sourcecode.swift; path = Colors.swift; sourceTree = "<group>"; };
		DAD60F692BC3EBF7001ED57A /* TabItem.swift */ = {isa = PBXFileReference; lastKnownFileType = sourcecode.swift; path = TabItem.swift; sourceTree = "<group>"; };
		DAD60F6B2BC3EC07001ED57A /* TabBar.swift */ = {isa = PBXFileReference; lastKnownFileType = sourcecode.swift; path = TabBar.swift; sourceTree = "<group>"; };
		DAD60F6D2BC3ECA1001ED57A /* SearchView.swift */ = {isa = PBXFileReference; lastKnownFileType = sourcecode.swift; path = SearchView.swift; sourceTree = "<group>"; };
		DAD60F6F2BC3ECBD001ED57A /* FavoritesView.swift */ = {isa = PBXFileReference; lastKnownFileType = sourcecode.swift; path = FavoritesView.swift; sourceTree = "<group>"; };
		DAD60F712BC3EE27001ED57A /* TabBarLocalization.swift */ = {isa = PBXFileReference; lastKnownFileType = sourcecode.swift; path = TabBarLocalization.swift; sourceTree = "<group>"; };
		DAD60F732BC3EFBB001ED57A /* SearchViewModel.swift */ = {isa = PBXFileReference; lastKnownFileType = sourcecode.swift; path = SearchViewModel.swift; sourceTree = "<group>"; };
		DAD60F752BC3F14C001ED57A /* SearchLocalization.swift */ = {isa = PBXFileReference; lastKnownFileType = sourcecode.swift; path = SearchLocalization.swift; sourceTree = "<group>"; };
		DAD60F782BC3F4A1001ED57A /* CharacterDetailViewModel.swift */ = {isa = PBXFileReference; lastKnownFileType = sourcecode.swift; path = CharacterDetailViewModel.swift; sourceTree = "<group>"; };
		DAD60F7A2BC3F514001ED57A /* CharacterDetailView.swift */ = {isa = PBXFileReference; lastKnownFileType = sourcecode.swift; path = CharacterDetailView.swift; sourceTree = "<group>"; };
		DAD60F7D2BC3F5E7001ED57A /* SearchCharacterUseCase.swift */ = {isa = PBXFileReference; lastKnownFileType = sourcecode.swift; path = SearchCharacterUseCase.swift; sourceTree = "<group>"; };
		DAD60F7F2BC3F6A5001ED57A /* GetCharacterDetailUseCase.swift */ = {isa = PBXFileReference; lastKnownFileType = sourcecode.swift; path = GetCharacterDetailUseCase.swift; sourceTree = "<group>"; };
		DAD60F822BC3F73B001ED57A /* CharacterListView.swift */ = {isa = PBXFileReference; lastKnownFileType = sourcecode.swift; path = CharacterListView.swift; sourceTree = "<group>"; };
		DAD60F872BC3FCFF001ED57A /* PreviewView.swift */ = {isa = PBXFileReference; lastKnownFileType = sourcecode.swift; path = PreviewView.swift; sourceTree = "<group>"; };
		DAD60F892BC4086D001ED57A /* CharacterDetailLocalization.swift */ = {isa = PBXFileReference; lastKnownFileType = sourcecode.swift; path = CharacterDetailLocalization.swift; sourceTree = "<group>"; };
		DAD60F8B2BC42CD3001ED57A /* CharacterImageView.swift */ = {isa = PBXFileReference; lastKnownFileType = sourcecode.swift; path = CharacterImageView.swift; sourceTree = "<group>"; };
		DAD60F8D2BC42EC2001ED57A /* FavoritesViewModel.swift */ = {isa = PBXFileReference; lastKnownFileType = sourcecode.swift; path = FavoritesViewModel.swift; sourceTree = "<group>"; };
		DAD60F8F2BC42FA1001ED57A /* FavoritesLocalization.swift */ = {isa = PBXFileReference; lastKnownFileType = sourcecode.swift; path = FavoritesLocalization.swift; sourceTree = "<group>"; };
		DAD60F922BC4310A001ED57A /* Persistence.swift */ = {isa = PBXFileReference; lastKnownFileType = sourcecode.swift; path = Persistence.swift; sourceTree = "<group>"; };
		DAD60F942BC431A6001ED57A /* CoreDataStack.swift */ = {isa = PBXFileReference; lastKnownFileType = sourcecode.swift; path = CoreDataStack.swift; sourceTree = "<group>"; };
		DAD60F962BC431C1001ED57A /* DBManager.swift */ = {isa = PBXFileReference; lastKnownFileType = sourcecode.swift; path = DBManager.swift; sourceTree = "<group>"; };
		DAD60F982BC43220001ED57A /* DBImage.swift */ = {isa = PBXFileReference; lastKnownFileType = sourcecode.swift; path = DBImage.swift; sourceTree = "<group>"; };
		DAD60F9B2BC43252001ED57A /* Model.xcdatamodel */ = {isa = PBXFileReference; lastKnownFileType = wrapper.xcdatamodel; path = Model.xcdatamodel; sourceTree = "<group>"; };
		DAD60F9D2BC43478001ED57A /* DBPower.swift */ = {isa = PBXFileReference; lastKnownFileType = sourcecode.swift; path = DBPower.swift; sourceTree = "<group>"; };
		DAD60F9F2BC434B7001ED57A /* DBCharacter.swift */ = {isa = PBXFileReference; lastKnownFileType = sourcecode.swift; path = DBCharacter.swift; sourceTree = "<group>"; };
		DAD60FA12BC43658001ED57A /* LocalDataSource.swift */ = {isa = PBXFileReference; lastKnownFileType = sourcecode.swift; path = LocalDataSource.swift; sourceTree = "<group>"; };
		DAD60FA32BC4384D001ED57A /* SaveCharacterUseCase.swift */ = {isa = PBXFileReference; lastKnownFileType = sourcecode.swift; path = SaveCharacterUseCase.swift; sourceTree = "<group>"; };
		DAD60FA52BC438A0001ED57A /* RemoveCharacterUseCase.swift */ = {isa = PBXFileReference; lastKnownFileType = sourcecode.swift; path = RemoveCharacterUseCase.swift; sourceTree = "<group>"; };
		DAD60FA72BC438D7001ED57A /* ExistCharacterUseCase.swift */ = {isa = PBXFileReference; lastKnownFileType = sourcecode.swift; path = ExistCharacterUseCase.swift; sourceTree = "<group>"; };
		DAD60FA92BC4392D001ED57A /* GetCharactersUseCase.swift */ = {isa = PBXFileReference; lastKnownFileType = sourcecode.swift; path = GetCharactersUseCase.swift; sourceTree = "<group>"; };
/* End PBXFileReference section */

/* Begin PBXFrameworksBuildPhase section */
		DA15FFA02BBD5DC900513DD7 /* Frameworks */ = {
			isa = PBXFrameworksBuildPhase;
			buildActionMask = 2147483647;
			files = (
			);
			runOnlyForDeploymentPostprocessing = 0;
		};
		DA15FFB12BBD5DCB00513DD7 /* Frameworks */ = {
			isa = PBXFrameworksBuildPhase;
			buildActionMask = 2147483647;
			files = (
			);
			runOnlyForDeploymentPostprocessing = 0;
		};
		DA15FFBB2BBD5DCB00513DD7 /* Frameworks */ = {
			isa = PBXFrameworksBuildPhase;
			buildActionMask = 2147483647;
			files = (
			);
			runOnlyForDeploymentPostprocessing = 0;
		};
/* End PBXFrameworksBuildPhase section */

/* Begin PBXGroup section */
		DA1500052BBD688400513DD7 /* Mocks */ = {
			isa = PBXGroup;
			children = (
				DA1500062BBD688E00513DD7 /* URLProtocolMock.swift */,
			);
			path = Mocks;
			sourceTree = "<group>";
		};
		DA1500082BBD68B700513DD7 /* Repositories */ = {
			isa = PBXGroup;
			children = (
				DA1500092BBD68D500513DD7 /* RemoteDataSourceUnitTests.swift */,
				DA15000B2BBD696800513DD7 /* RepositoryImplementationUnitTests.swift */,
			);
			path = Repositories;
			sourceTree = "<group>";
		};
		DA15FF9A2BBD5DC900513DD7 = {
			isa = PBXGroup;
			children = (
				DA15FFA52BBD5DC900513DD7 /* MyComics */,
				DA15FFB72BBD5DCB00513DD7 /* MyComicsTests */,
				DA15FFC12BBD5DCB00513DD7 /* MyComicsUITests */,
				DA15FFA42BBD5DC900513DD7 /* Products */,
			);
			sourceTree = "<group>";
		};
		DA15FFA42BBD5DC900513DD7 /* Products */ = {
			isa = PBXGroup;
			children = (
				DA15FFA32BBD5DC900513DD7 /* MyComics.app */,
				DA15FFB42BBD5DCB00513DD7 /* MyComicsTests.xctest */,
				DA15FFBE2BBD5DCB00513DD7 /* MyComicsUITests.xctest */,
			);
			name = Products;
			sourceTree = "<group>";
		};
		DA15FFA52BBD5DC900513DD7 /* MyComics */ = {
			isa = PBXGroup;
			children = (
				DAC47E722BD6A48900FD0CE9 /* Theme */,
				DAD60F912BC43101001ED57A /* Database */,
				DAD60F812BC3F724001ED57A /* Views */,
				DAD60F7C2BC3F5DA001ED57A /* UseCases */,
				DAD60F652BC3EBC2001ED57A /* Scenes */,
				DA15FFFE2BBD664600513DD7 /* Repositories */,
				DA15FFD92BBD5FA900513DD7 /* Entitites */,
				DA15FFD42BBD5EBE00513DD7 /* Enumerations */,
				DA15FFD12BBD5E6E00513DD7 /* Network */,
				DA15FFA62BBD5DC900513DD7 /* MyComicsApp.swift */,
				DA15FFAA2BBD5DCA00513DD7 /* Assets.xcassets */,
				DA15FFAC2BBD5DCA00513DD7 /* MyComics.entitlements */,
				DA15FFAD2BBD5DCA00513DD7 /* Preview Content */,
				DA15FFD72BBD5F3F00513DD7 /* Constants.swift */,
			);
			path = MyComics;
			sourceTree = "<group>";
		};
		DA15FFAD2BBD5DCA00513DD7 /* Preview Content */ = {
			isa = PBXGroup;
			children = (
				DA15FFAE2BBD5DCA00513DD7 /* Preview Assets.xcassets */,
			);
			path = "Preview Content";
			sourceTree = "<group>";
		};
		DA15FFB72BBD5DCB00513DD7 /* MyComicsTests */ = {
			isa = PBXGroup;
			children = (
				DA1500082BBD68B700513DD7 /* Repositories */,
				DA1500052BBD688400513DD7 /* Mocks */,
				DA15FFF12BBD626D00513DD7 /* Entities */,
			);
			path = MyComicsTests;
			sourceTree = "<group>";
		};
		DA15FFC12BBD5DCB00513DD7 /* MyComicsUITests */ = {
			isa = PBXGroup;
			children = (
				DA15FFC22BBD5DCB00513DD7 /* MyComicsUITests.swift */,
				DA15FFC42BBD5DCB00513DD7 /* MyComicsUITestsLaunchTests.swift */,
			);
			path = MyComicsUITests;
			sourceTree = "<group>";
		};
		DA15FFD12BBD5E6E00513DD7 /* Network */ = {
			isa = PBXGroup;
			children = (
				DA15FFD22BBD5E8100513DD7 /* ComicsNetworkManager.swift */,
			);
			path = Network;
			sourceTree = "<group>";
		};
		DA15FFD42BBD5EBE00513DD7 /* Enumerations */ = {
			isa = PBXGroup;
			children = (
				DA15FFD52BBD5EC800513DD7 /* HTTPError.swift */,
				DA15FFEB2BBD61AD00513DD7 /* Gender.swift */,
			);
			path = Enumerations;
			sourceTree = "<group>";
		};
		DA15FFD92BBD5FA900513DD7 /* Entitites */ = {
			isa = PBXGroup;
			children = (
				DA15FFDA2BBD5FA900513DD7 /* DBEntities */,
				DA15FFDB2BBD5FA900513DD7 /* ServerEntities */,
				DA15FFDC2BBD5FA900513DD7 /* Entities */,
			);
			path = Entitites;
			sourceTree = "<group>";
		};
		DA15FFDA2BBD5FA900513DD7 /* DBEntities */ = {
			isa = PBXGroup;
			children = (
				DAD60F982BC43220001ED57A /* DBImage.swift */,
				DAD60F9D2BC43478001ED57A /* DBPower.swift */,
				DAD60F9F2BC434B7001ED57A /* DBCharacter.swift */,
			);
			path = DBEntities;
			sourceTree = "<group>";
		};
		DA15FFDB2BBD5FA900513DD7 /* ServerEntities */ = {
			isa = PBXGroup;
			children = (
				DA15FFDD2BBD5FD300513DD7 /* ServerImageModel.swift */,
				DA15FFE12BBD603400513DD7 /* ServerBaseResponse.swift */,
				DA15FFE32BBD604700513DD7 /* ServerBaseArrayResponse.swift */,
				DA15FFE52BBD606E00513DD7 /* ServerOrigin.swift */,
				DA15FFE72BBD612300513DD7 /* ServerPower.swift */,
				DA15FFED2BBD61C200513DD7 /* ServerCharacter.swift */,
			);
			path = ServerEntities;
			sourceTree = "<group>";
		};
		DA15FFDC2BBD5FA900513DD7 /* Entities */ = {
			isa = PBXGroup;
			children = (
				DA15FFDF2BBD5FF000513DD7 /* ImageModel.swift */,
				DA15FFE92BBD618200513DD7 /* Power.swift */,
				DA15FFEF2BBD621300513DD7 /* Character.swift */,
			);
			path = Entities;
			sourceTree = "<group>";
		};
		DA15FFF12BBD626D00513DD7 /* Entities */ = {
			isa = PBXGroup;
			children = (
				DA15FFF22BBD626D00513DD7 /* DBEntities */,
				DA15FFF32BBD626D00513DD7 /* ServerEntities */,
				DA15FFF42BBD626D00513DD7 /* Entities */,
			);
			path = Entities;
			sourceTree = "<group>";
		};
		DA15FFF22BBD626D00513DD7 /* DBEntities */ = {
			isa = PBXGroup;
			children = (
			);
			path = DBEntities;
			sourceTree = "<group>";
		};
		DA15FFF32BBD626D00513DD7 /* ServerEntities */ = {
			isa = PBXGroup;
			children = (
				DA15FFF62BBD628F00513DD7 /* ServerCharacterUnitTests.swift */,
				DA15FFF82BBD62E800513DD7 /* ServerImageModelUnitTests.swift */,
				DA15FFFA2BBD640200513DD7 /* ServerPowerUnitTests.swift */,
			);
			path = ServerEntities;
			sourceTree = "<group>";
		};
		DA15FFF42BBD626D00513DD7 /* Entities */ = {
			isa = PBXGroup;
			children = (
				DA15FFFC2BBD643B00513DD7 /* CharacterUnitTests.swift */,
			);
			path = Entities;
			sourceTree = "<group>";
		};
		DA15FFFE2BBD664600513DD7 /* Repositories */ = {
			isa = PBXGroup;
			children = (
				DA15FFFF2BBD665400513DD7 /* Repository.swift */,
				DA1500012BBD668700513DD7 /* RepositoryImplementation.swift */,
				DA1500032BBD66D000513DD7 /* RemoteDataSource.swift */,
				DAD60FA12BC43658001ED57A /* LocalDataSource.swift */,
			);
			path = Repositories;
			sourceTree = "<group>";
		};
		DAC47E722BD6A48900FD0CE9 /* Theme */ = {
			isa = PBXGroup;
			children = (
				DAC47E742BD6A4AF00FD0CE9 /* Colors.swift */,
				DAC47E732BD6A4AF00FD0CE9 /* Value.swift */,
			);
			path = Theme;
			sourceTree = "<group>";
		};
		DAD60F652BC3EBC2001ED57A /* Scenes */ = {
			isa = PBXGroup;
			children = (
				DAD60F862BC3FCF5001ED57A /* Preview */,
				DAD60F772BC3F495001ED57A /* CharacterDetail */,
				DAD60F682BC3EBDC001ED57A /* TabBar */,
				DAD60F662BC3EBC2001ED57A /* Favorites */,
				DAD60F672BC3EBC2001ED57A /* Search */,
			);
			path = Scenes;
			sourceTree = "<group>";
		};
		DAD60F662BC3EBC2001ED57A /* Favorites */ = {
			isa = PBXGroup;
			children = (
				DAD60F6F2BC3ECBD001ED57A /* FavoritesView.swift */,
				DAD60F8D2BC42EC2001ED57A /* FavoritesViewModel.swift */,
				DAD60F8F2BC42FA1001ED57A /* FavoritesLocalization.swift */,
			);
			path = Favorites;
			sourceTree = "<group>";
		};
		DAD60F672BC3EBC2001ED57A /* Search */ = {
			isa = PBXGroup;
			children = (
				DAD60F6D2BC3ECA1001ED57A /* SearchView.swift */,
				DAD60F732BC3EFBB001ED57A /* SearchViewModel.swift */,
				DAD60F752BC3F14C001ED57A /* SearchLocalization.swift */,
			);
			path = Search;
			sourceTree = "<group>";
		};
		DAD60F682BC3EBDC001ED57A /* TabBar */ = {
			isa = PBXGroup;
			children = (
				DAD60F692BC3EBF7001ED57A /* TabItem.swift */,
				DAD60F6B2BC3EC07001ED57A /* TabBar.swift */,
				DAD60F712BC3EE27001ED57A /* TabBarLocalization.swift */,
			);
			path = TabBar;
			sourceTree = "<group>";
		};
		DAD60F772BC3F495001ED57A /* CharacterDetail */ = {
			isa = PBXGroup;
			children = (
				DAD60F782BC3F4A1001ED57A /* CharacterDetailViewModel.swift */,
				DAD60F7A2BC3F514001ED57A /* CharacterDetailView.swift */,
				DAD60F892BC4086D001ED57A /* CharacterDetailLocalization.swift */,
			);
			path = CharacterDetail;
			sourceTree = "<group>";
		};
		DAD60F7C2BC3F5DA001ED57A /* UseCases */ = {
			isa = PBXGroup;
			children = (
				DAD60F7D2BC3F5E7001ED57A /* SearchCharacterUseCase.swift */,
				DAD60F7F2BC3F6A5001ED57A /* GetCharacterDetailUseCase.swift */,
				DAD60FA32BC4384D001ED57A /* SaveCharacterUseCase.swift */,
				DAD60FA52BC438A0001ED57A /* RemoveCharacterUseCase.swift */,
				DAD60FA72BC438D7001ED57A /* ExistCharacterUseCase.swift */,
				DAD60FA92BC4392D001ED57A /* GetCharactersUseCase.swift */,
			);
			path = UseCases;
			sourceTree = "<group>";
		};
		DAD60F812BC3F724001ED57A /* Views */ = {
			isa = PBXGroup;
			children = (
				DAD60F822BC3F73B001ED57A /* CharacterListView.swift */,
				DAD60F8B2BC42CD3001ED57A /* CharacterImageView.swift */,
				DA51ADBD2BD95AAC000E51EA /* AppBackground.swift */,
			);
			path = Views;
			sourceTree = "<group>";
		};
		DAD60F862BC3FCF5001ED57A /* Preview */ = {
			isa = PBXGroup;
			children = (
				DAD60F872BC3FCFF001ED57A /* PreviewView.swift */,
			);
			path = Preview;
			sourceTree = "<group>";
		};
		DAD60F912BC43101001ED57A /* Database */ = {
			isa = PBXGroup;
			children = (
				DAD60F922BC4310A001ED57A /* Persistence.swift */,
				DAD60F942BC431A6001ED57A /* CoreDataStack.swift */,
				DAD60F962BC431C1001ED57A /* DBManager.swift */,
				DAD60F9A2BC43252001ED57A /* Model.xcdatamodeld */,
			);
			path = Database;
			sourceTree = "<group>";
		};
/* End PBXGroup section */

/* Begin PBXNativeTarget section */
		DA15FFA22BBD5DC900513DD7 /* MyComics */ = {
			isa = PBXNativeTarget;
			buildConfigurationList = DA15FFC82BBD5DCB00513DD7 /* Build configuration list for PBXNativeTarget "MyComics" */;
			buildPhases = (
				DA15FF9F2BBD5DC900513DD7 /* Sources */,
				DA15FFA02BBD5DC900513DD7 /* Frameworks */,
				DA15FFA12BBD5DC900513DD7 /* Resources */,
			);
			buildRules = (
			);
			dependencies = (
			);
			name = MyComics;
			productName = MyComics;
			productReference = DA15FFA32BBD5DC900513DD7 /* MyComics.app */;
			productType = "com.apple.product-type.application";
		};
		DA15FFB32BBD5DCB00513DD7 /* MyComicsTests */ = {
			isa = PBXNativeTarget;
			buildConfigurationList = DA15FFCB2BBD5DCB00513DD7 /* Build configuration list for PBXNativeTarget "MyComicsTests" */;
			buildPhases = (
				DA15FFB02BBD5DCB00513DD7 /* Sources */,
				DA15FFB12BBD5DCB00513DD7 /* Frameworks */,
				DA15FFB22BBD5DCB00513DD7 /* Resources */,
			);
			buildRules = (
			);
			dependencies = (
				DA15FFB62BBD5DCB00513DD7 /* PBXTargetDependency */,
			);
			name = MyComicsTests;
			productName = MyComicsTests;
			productReference = DA15FFB42BBD5DCB00513DD7 /* MyComicsTests.xctest */;
			productType = "com.apple.product-type.bundle.unit-test";
		};
		DA15FFBD2BBD5DCB00513DD7 /* MyComicsUITests */ = {
			isa = PBXNativeTarget;
			buildConfigurationList = DA15FFCE2BBD5DCB00513DD7 /* Build configuration list for PBXNativeTarget "MyComicsUITests" */;
			buildPhases = (
				DA15FFBA2BBD5DCB00513DD7 /* Sources */,
				DA15FFBB2BBD5DCB00513DD7 /* Frameworks */,
				DA15FFBC2BBD5DCB00513DD7 /* Resources */,
			);
			buildRules = (
			);
			dependencies = (
				DA15FFC02BBD5DCB00513DD7 /* PBXTargetDependency */,
			);
			name = MyComicsUITests;
			productName = MyComicsUITests;
			productReference = DA15FFBE2BBD5DCB00513DD7 /* MyComicsUITests.xctest */;
			productType = "com.apple.product-type.bundle.ui-testing";
		};
/* End PBXNativeTarget section */

/* Begin PBXProject section */
		DA15FF9B2BBD5DC900513DD7 /* Project object */ = {
			isa = PBXProject;
			attributes = {
				BuildIndependentTargetsInParallel = 1;
				LastSwiftUpdateCheck = 1500;
				LastUpgradeCheck = 1500;
				TargetAttributes = {
					DA15FFA22BBD5DC900513DD7 = {
						CreatedOnToolsVersion = 15.0.1;
					};
					DA15FFB32BBD5DCB00513DD7 = {
						CreatedOnToolsVersion = 15.0.1;
						LastSwiftMigration = 1500;
						TestTargetID = DA15FFA22BBD5DC900513DD7;
					};
					DA15FFBD2BBD5DCB00513DD7 = {
						CreatedOnToolsVersion = 15.0.1;
						TestTargetID = DA15FFA22BBD5DC900513DD7;
					};
				};
			};
			buildConfigurationList = DA15FF9E2BBD5DC900513DD7 /* Build configuration list for PBXProject "MyComics" */;
			compatibilityVersion = "Xcode 14.0";
			developmentRegion = en;
			hasScannedForEncodings = 0;
			knownRegions = (
				en,
				Base,
			);
			mainGroup = DA15FF9A2BBD5DC900513DD7;
			productRefGroup = DA15FFA42BBD5DC900513DD7 /* Products */;
			projectDirPath = "";
			projectRoot = "";
			targets = (
				DA15FFA22BBD5DC900513DD7 /* MyComics */,
				DA15FFB32BBD5DCB00513DD7 /* MyComicsTests */,
				DA15FFBD2BBD5DCB00513DD7 /* MyComicsUITests */,
			);
		};
/* End PBXProject section */

/* Begin PBXResourcesBuildPhase section */
		DA15FFA12BBD5DC900513DD7 /* Resources */ = {
			isa = PBXResourcesBuildPhase;
			buildActionMask = 2147483647;
			files = (
				DA15FFAF2BBD5DCA00513DD7 /* Preview Assets.xcassets in Resources */,
				DA15FFAB2BBD5DCA00513DD7 /* Assets.xcassets in Resources */,
			);
			runOnlyForDeploymentPostprocessing = 0;
		};
		DA15FFB22BBD5DCB00513DD7 /* Resources */ = {
			isa = PBXResourcesBuildPhase;
			buildActionMask = 2147483647;
			files = (
			);
			runOnlyForDeploymentPostprocessing = 0;
		};
		DA15FFBC2BBD5DCB00513DD7 /* Resources */ = {
			isa = PBXResourcesBuildPhase;
			buildActionMask = 2147483647;
			files = (
			);
			runOnlyForDeploymentPostprocessing = 0;
		};
/* End PBXResourcesBuildPhase section */

/* Begin PBXSourcesBuildPhase section */
		DA15FF9F2BBD5DC900513DD7 /* Sources */ = {
			isa = PBXSourcesBuildPhase;
			buildActionMask = 2147483647;
			files = (
				DAD60F702BC3ECBD001ED57A /* FavoritesView.swift in Sources */,
				DA15FFE82BBD612300513DD7 /* ServerPower.swift in Sources */,
				DA15FFD82BBD5F3F00513DD7 /* Constants.swift in Sources */,
				DAD60FA62BC438A0001ED57A /* RemoveCharacterUseCase.swift in Sources */,
				DA15FFD62BBD5EC800513DD7 /* HTTPError.swift in Sources */,
				DAD60FA82BC438D7001ED57A /* ExistCharacterUseCase.swift in Sources */,
				DA1500042BBD66D000513DD7 /* RemoteDataSource.swift in Sources */,
				DA15FFEE2BBD61C200513DD7 /* ServerCharacter.swift in Sources */,
				DAD60F7E2BC3F5E7001ED57A /* SearchCharacterUseCase.swift in Sources */,
				DA15FFD32BBD5E8100513DD7 /* ComicsNetworkManager.swift in Sources */,
				DAD60F882BC3FCFF001ED57A /* PreviewView.swift in Sources */,
				DAD60F932BC4310A001ED57A /* Persistence.swift in Sources */,
				DA15FFE22BBD603400513DD7 /* ServerBaseResponse.swift in Sources */,
				DAD60FA02BC434B7001ED57A /* DBCharacter.swift in Sources */,
				DAD60F902BC42FA1001ED57A /* FavoritesLocalization.swift in Sources */,
				DA1500022BBD668700513DD7 /* RepositoryImplementation.swift in Sources */,
				DAC47E752BD6A4AF00FD0CE9 /* Value.swift in Sources */,
				DA1500002BBD665400513DD7 /* Repository.swift in Sources */,
				DAD60F832BC3F73B001ED57A /* CharacterListView.swift in Sources */,
				DAD60F792BC3F4A1001ED57A /* CharacterDetailViewModel.swift in Sources */,
				DAD60F952BC431A6001ED57A /* CoreDataStack.swift in Sources */,
				DAD60FA42BC4384D001ED57A /* SaveCharacterUseCase.swift in Sources */,
				DAD60F972BC431C1001ED57A /* DBManager.swift in Sources */,
				DAD60F762BC3F14C001ED57A /* SearchLocalization.swift in Sources */,
				DAD60F8C2BC42CD3001ED57A /* CharacterImageView.swift in Sources */,
				DAC47E762BD6A4AF00FD0CE9 /* Colors.swift in Sources */,
				DAD60F8A2BC4086D001ED57A /* CharacterDetailLocalization.swift in Sources */,
				DAD60F6E2BC3ECA1001ED57A /* SearchView.swift in Sources */,
				DA15FFDE2BBD5FD300513DD7 /* ServerImageModel.swift in Sources */,
				DAD60F722BC3EE27001ED57A /* TabBarLocalization.swift in Sources */,
				DAD60FAA2BC4392D001ED57A /* GetCharactersUseCase.swift in Sources */,
				DAD60F6A2BC3EBF7001ED57A /* TabItem.swift in Sources */,
				DAD60FA22BC43658001ED57A /* LocalDataSource.swift in Sources */,
				DA15FFEA2BBD618200513DD7 /* Power.swift in Sources */,
				DAD60F7B2BC3F514001ED57A /* CharacterDetailView.swift in Sources */,
				DAD60F9C2BC43252001ED57A /* Model.xcdatamodeld in Sources */,
				DAD60F9E2BC43478001ED57A /* DBPower.swift in Sources */,
				DAD60F8E2BC42EC2001ED57A /* FavoritesViewModel.swift in Sources */,
				DA51ADBE2BD95AAC000E51EA /* AppBackground.swift in Sources */,
				DAD60F992BC43220001ED57A /* DBImage.swift in Sources */,
				DA15FFEC2BBD61AD00513DD7 /* Gender.swift in Sources */,
				DA15FFE62BBD606E00513DD7 /* ServerOrigin.swift in Sources */,
				DAD60F742BC3EFBB001ED57A /* SearchViewModel.swift in Sources */,
				DA15FFA72BBD5DC900513DD7 /* MyComicsApp.swift in Sources */,
				DA15FFF02BBD621300513DD7 /* Character.swift in Sources */,
				DA15FFE02BBD5FF000513DD7 /* ImageModel.swift in Sources */,
				DA15FFE42BBD604700513DD7 /* ServerBaseArrayResponse.swift in Sources */,
				DAD60F6C2BC3EC07001ED57A /* TabBar.swift in Sources */,
				DAD60F802BC3F6A5001ED57A /* GetCharacterDetailUseCase.swift in Sources */,
			);
			runOnlyForDeploymentPostprocessing = 0;
		};
		DA15FFB02BBD5DCB00513DD7 /* Sources */ = {
			isa = PBXSourcesBuildPhase;
			buildActionMask = 2147483647;
			files = (
				DA15000A2BBD68D500513DD7 /* RemoteDataSourceUnitTests.swift in Sources */,
				DA1500072BBD688E00513DD7 /* URLProtocolMock.swift in Sources */,
				DA15FFF92BBD62E800513DD7 /* ServerImageModelUnitTests.swift in Sources */,
				DA15FFF72BBD628F00513DD7 /* ServerCharacterUnitTests.swift in Sources */,
				DA15FFFB2BBD640200513DD7 /* ServerPowerUnitTests.swift in Sources */,
				DA15000C2BBD696800513DD7 /* RepositoryImplementationUnitTests.swift in Sources */,
				DA15FFFD2BBD643B00513DD7 /* CharacterUnitTests.swift in Sources */,
			);
			runOnlyForDeploymentPostprocessing = 0;
		};
		DA15FFBA2BBD5DCB00513DD7 /* Sources */ = {
			isa = PBXSourcesBuildPhase;
			buildActionMask = 2147483647;
			files = (
				DA15FFC52BBD5DCB00513DD7 /* MyComicsUITestsLaunchTests.swift in Sources */,
				DA15FFC32BBD5DCB00513DD7 /* MyComicsUITests.swift in Sources */,
			);
			runOnlyForDeploymentPostprocessing = 0;
		};
/* End PBXSourcesBuildPhase section */

/* Begin PBXTargetDependency section */
		DA15FFB62BBD5DCB00513DD7 /* PBXTargetDependency */ = {
			isa = PBXTargetDependency;
			target = DA15FFA22BBD5DC900513DD7 /* MyComics */;
			targetProxy = DA15FFB52BBD5DCB00513DD7 /* PBXContainerItemProxy */;
		};
		DA15FFC02BBD5DCB00513DD7 /* PBXTargetDependency */ = {
			isa = PBXTargetDependency;
			target = DA15FFA22BBD5DC900513DD7 /* MyComics */;
			targetProxy = DA15FFBF2BBD5DCB00513DD7 /* PBXContainerItemProxy */;
		};
/* End PBXTargetDependency section */

/* Begin XCBuildConfiguration section */
		DA15FFC62BBD5DCB00513DD7 /* Debug */ = {
			isa = XCBuildConfiguration;
			buildSettings = {
				ALWAYS_SEARCH_USER_PATHS = NO;
				ASSETCATALOG_COMPILER_GENERATE_SWIFT_ASSET_SYMBOL_EXTENSIONS = YES;
				CLANG_ANALYZER_NONNULL = YES;
				CLANG_ANALYZER_NUMBER_OBJECT_CONVERSION = YES_AGGRESSIVE;
				CLANG_CXX_LANGUAGE_STANDARD = "gnu++20";
				CLANG_ENABLE_MODULES = YES;
				CLANG_ENABLE_OBJC_ARC = YES;
				CLANG_ENABLE_OBJC_WEAK = YES;
				CLANG_WARN_BLOCK_CAPTURE_AUTORELEASING = YES;
				CLANG_WARN_BOOL_CONVERSION = YES;
				CLANG_WARN_COMMA = YES;
				CLANG_WARN_CONSTANT_CONVERSION = YES;
				CLANG_WARN_DEPRECATED_OBJC_IMPLEMENTATIONS = YES;
				CLANG_WARN_DIRECT_OBJC_ISA_USAGE = YES_ERROR;
				CLANG_WARN_DOCUMENTATION_COMMENTS = YES;
				CLANG_WARN_EMPTY_BODY = YES;
				CLANG_WARN_ENUM_CONVERSION = YES;
				CLANG_WARN_INFINITE_RECURSION = YES;
				CLANG_WARN_INT_CONVERSION = YES;
				CLANG_WARN_NON_LITERAL_NULL_CONVERSION = YES;
				CLANG_WARN_OBJC_IMPLICIT_RETAIN_SELF = YES;
				CLANG_WARN_OBJC_LITERAL_CONVERSION = YES;
				CLANG_WARN_OBJC_ROOT_CLASS = YES_ERROR;
				CLANG_WARN_QUOTED_INCLUDE_IN_FRAMEWORK_HEADER = YES;
				CLANG_WARN_RANGE_LOOP_ANALYSIS = YES;
				CLANG_WARN_STRICT_PROTOTYPES = YES;
				CLANG_WARN_SUSPICIOUS_MOVE = YES;
				CLANG_WARN_UNGUARDED_AVAILABILITY = YES_AGGRESSIVE;
				CLANG_WARN_UNREACHABLE_CODE = YES;
				CLANG_WARN__DUPLICATE_METHOD_MATCH = YES;
				COPY_PHASE_STRIP = NO;
				DEBUG_INFORMATION_FORMAT = dwarf;
				ENABLE_STRICT_OBJC_MSGSEND = YES;
				ENABLE_TESTABILITY = YES;
				ENABLE_USER_SCRIPT_SANDBOXING = YES;
				GCC_C_LANGUAGE_STANDARD = gnu17;
				GCC_DYNAMIC_NO_PIC = NO;
				GCC_NO_COMMON_BLOCKS = YES;
				GCC_OPTIMIZATION_LEVEL = 0;
				GCC_PREPROCESSOR_DEFINITIONS = (
					"DEBUG=1",
					"$(inherited)",
				);
				GCC_WARN_64_TO_32_BIT_CONVERSION = YES;
				GCC_WARN_ABOUT_RETURN_TYPE = YES_ERROR;
				GCC_WARN_UNDECLARED_SELECTOR = YES;
				GCC_WARN_UNINITIALIZED_AUTOS = YES_AGGRESSIVE;
				GCC_WARN_UNUSED_FUNCTION = YES;
				GCC_WARN_UNUSED_VARIABLE = YES;
				LOCALIZATION_PREFERS_STRING_CATALOGS = YES;
				MTL_ENABLE_DEBUG_INFO = INCLUDE_SOURCE;
				MTL_FAST_MATH = YES;
				ONLY_ACTIVE_ARCH = YES;
				SWIFT_ACTIVE_COMPILATION_CONDITIONS = "DEBUG $(inherited)";
				SWIFT_OPTIMIZATION_LEVEL = "-Onone";
			};
			name = Debug;
		};
		DA15FFC72BBD5DCB00513DD7 /* Release */ = {
			isa = XCBuildConfiguration;
			buildSettings = {
				ALWAYS_SEARCH_USER_PATHS = NO;
				ASSETCATALOG_COMPILER_GENERATE_SWIFT_ASSET_SYMBOL_EXTENSIONS = YES;
				CLANG_ANALYZER_NONNULL = YES;
				CLANG_ANALYZER_NUMBER_OBJECT_CONVERSION = YES_AGGRESSIVE;
				CLANG_CXX_LANGUAGE_STANDARD = "gnu++20";
				CLANG_ENABLE_MODULES = YES;
				CLANG_ENABLE_OBJC_ARC = YES;
				CLANG_ENABLE_OBJC_WEAK = YES;
				CLANG_WARN_BLOCK_CAPTURE_AUTORELEASING = YES;
				CLANG_WARN_BOOL_CONVERSION = YES;
				CLANG_WARN_COMMA = YES;
				CLANG_WARN_CONSTANT_CONVERSION = YES;
				CLANG_WARN_DEPRECATED_OBJC_IMPLEMENTATIONS = YES;
				CLANG_WARN_DIRECT_OBJC_ISA_USAGE = YES_ERROR;
				CLANG_WARN_DOCUMENTATION_COMMENTS = YES;
				CLANG_WARN_EMPTY_BODY = YES;
				CLANG_WARN_ENUM_CONVERSION = YES;
				CLANG_WARN_INFINITE_RECURSION = YES;
				CLANG_WARN_INT_CONVERSION = YES;
				CLANG_WARN_NON_LITERAL_NULL_CONVERSION = YES;
				CLANG_WARN_OBJC_IMPLICIT_RETAIN_SELF = YES;
				CLANG_WARN_OBJC_LITERAL_CONVERSION = YES;
				CLANG_WARN_OBJC_ROOT_CLASS = YES_ERROR;
				CLANG_WARN_QUOTED_INCLUDE_IN_FRAMEWORK_HEADER = YES;
				CLANG_WARN_RANGE_LOOP_ANALYSIS = YES;
				CLANG_WARN_STRICT_PROTOTYPES = YES;
				CLANG_WARN_SUSPICIOUS_MOVE = YES;
				CLANG_WARN_UNGUARDED_AVAILABILITY = YES_AGGRESSIVE;
				CLANG_WARN_UNREACHABLE_CODE = YES;
				CLANG_WARN__DUPLICATE_METHOD_MATCH = YES;
				COPY_PHASE_STRIP = NO;
				DEBUG_INFORMATION_FORMAT = "dwarf-with-dsym";
				ENABLE_NS_ASSERTIONS = NO;
				ENABLE_STRICT_OBJC_MSGSEND = YES;
				ENABLE_USER_SCRIPT_SANDBOXING = YES;
				GCC_C_LANGUAGE_STANDARD = gnu17;
				GCC_NO_COMMON_BLOCKS = YES;
				GCC_WARN_64_TO_32_BIT_CONVERSION = YES;
				GCC_WARN_ABOUT_RETURN_TYPE = YES_ERROR;
				GCC_WARN_UNDECLARED_SELECTOR = YES;
				GCC_WARN_UNINITIALIZED_AUTOS = YES_AGGRESSIVE;
				GCC_WARN_UNUSED_FUNCTION = YES;
				GCC_WARN_UNUSED_VARIABLE = YES;
				LOCALIZATION_PREFERS_STRING_CATALOGS = YES;
				MTL_ENABLE_DEBUG_INFO = NO;
				MTL_FAST_MATH = YES;
				SWIFT_COMPILATION_MODE = wholemodule;
			};
			name = Release;
		};
		DA15FFC92BBD5DCB00513DD7 /* Debug */ = {
			isa = XCBuildConfiguration;
			buildSettings = {
				ASSETCATALOG_COMPILER_APPICON_NAME = AppIcon;
				ASSETCATALOG_COMPILER_GLOBAL_ACCENT_COLOR_NAME = AccentColor;
				CODE_SIGN_ENTITLEMENTS = MyComics/MyComics.entitlements;
				CODE_SIGN_STYLE = Automatic;
				CURRENT_PROJECT_VERSION = 1;
				DEVELOPMENT_ASSET_PATHS = "\"MyComics/Preview Content\"";
				ENABLE_PREVIEWS = YES;
				GENERATE_INFOPLIST_FILE = YES;
				"INFOPLIST_KEY_UIApplicationSceneManifest_Generation[sdk=iphoneos*]" = YES;
				"INFOPLIST_KEY_UIApplicationSceneManifest_Generation[sdk=iphonesimulator*]" = YES;
				"INFOPLIST_KEY_UIApplicationSupportsIndirectInputEvents[sdk=iphoneos*]" = YES;
				"INFOPLIST_KEY_UIApplicationSupportsIndirectInputEvents[sdk=iphonesimulator*]" = YES;
				"INFOPLIST_KEY_UILaunchScreen_Generation[sdk=iphoneos*]" = YES;
				"INFOPLIST_KEY_UILaunchScreen_Generation[sdk=iphonesimulator*]" = YES;
				"INFOPLIST_KEY_UIStatusBarStyle[sdk=iphoneos*]" = UIStatusBarStyleDefault;
				"INFOPLIST_KEY_UIStatusBarStyle[sdk=iphonesimulator*]" = UIStatusBarStyleDefault;
				INFOPLIST_KEY_UISupportedInterfaceOrientations_iPad = "UIInterfaceOrientationPortrait UIInterfaceOrientationPortraitUpsideDown UIInterfaceOrientationLandscapeLeft UIInterfaceOrientationLandscapeRight";
				INFOPLIST_KEY_UISupportedInterfaceOrientations_iPhone = "UIInterfaceOrientationPortrait UIInterfaceOrientationLandscapeLeft UIInterfaceOrientationLandscapeRight";
				IPHONEOS_DEPLOYMENT_TARGET = 17.0;
				LD_RUNPATH_SEARCH_PATHS = "@executable_path/Frameworks";
				"LD_RUNPATH_SEARCH_PATHS[sdk=macosx*]" = "@executable_path/../Frameworks";
				MACOSX_DEPLOYMENT_TARGET = 14.0;
				MARKETING_VERSION = 1.0;
				PRODUCT_BUNDLE_IDENTIFIER = com.xramos.MyComics;
				PRODUCT_NAME = "$(TARGET_NAME)";
				SDKROOT = auto;
				SUPPORTED_PLATFORMS = "iphoneos iphonesimulator macosx";
				SWIFT_EMIT_LOC_STRINGS = YES;
				SWIFT_VERSION = 5.0;
				TARGETED_DEVICE_FAMILY = "1,2";
			};
			name = Debug;
		};
		DA15FFCA2BBD5DCB00513DD7 /* Release */ = {
			isa = XCBuildConfiguration;
			buildSettings = {
				ASSETCATALOG_COMPILER_APPICON_NAME = AppIcon;
				ASSETCATALOG_COMPILER_GLOBAL_ACCENT_COLOR_NAME = AccentColor;
				CODE_SIGN_ENTITLEMENTS = MyComics/MyComics.entitlements;
				CODE_SIGN_STYLE = Automatic;
				CURRENT_PROJECT_VERSION = 1;
				DEVELOPMENT_ASSET_PATHS = "\"MyComics/Preview Content\"";
				ENABLE_PREVIEWS = YES;
				GENERATE_INFOPLIST_FILE = YES;
				"INFOPLIST_KEY_UIApplicationSceneManifest_Generation[sdk=iphoneos*]" = YES;
				"INFOPLIST_KEY_UIApplicationSceneManifest_Generation[sdk=iphonesimulator*]" = YES;
				"INFOPLIST_KEY_UIApplicationSupportsIndirectInputEvents[sdk=iphoneos*]" = YES;
				"INFOPLIST_KEY_UIApplicationSupportsIndirectInputEvents[sdk=iphonesimulator*]" = YES;
				"INFOPLIST_KEY_UILaunchScreen_Generation[sdk=iphoneos*]" = YES;
				"INFOPLIST_KEY_UILaunchScreen_Generation[sdk=iphonesimulator*]" = YES;
				"INFOPLIST_KEY_UIStatusBarStyle[sdk=iphoneos*]" = UIStatusBarStyleDefault;
				"INFOPLIST_KEY_UIStatusBarStyle[sdk=iphonesimulator*]" = UIStatusBarStyleDefault;
				INFOPLIST_KEY_UISupportedInterfaceOrientations_iPad = "UIInterfaceOrientationPortrait UIInterfaceOrientationPortraitUpsideDown UIInterfaceOrientationLandscapeLeft UIInterfaceOrientationLandscapeRight";
				INFOPLIST_KEY_UISupportedInterfaceOrientations_iPhone = "UIInterfaceOrientationPortrait UIInterfaceOrientationLandscapeLeft UIInterfaceOrientationLandscapeRight";
				IPHONEOS_DEPLOYMENT_TARGET = 17.0;
				LD_RUNPATH_SEARCH_PATHS = "@executable_path/Frameworks";
				"LD_RUNPATH_SEARCH_PATHS[sdk=macosx*]" = "@executable_path/../Frameworks";
				MACOSX_DEPLOYMENT_TARGET = 14.0;
				MARKETING_VERSION = 1.0;
				PRODUCT_BUNDLE_IDENTIFIER = com.xramos.MyComics;
				PRODUCT_NAME = "$(TARGET_NAME)";
				SDKROOT = auto;
				SUPPORTED_PLATFORMS = "iphoneos iphonesimulator macosx";
				SWIFT_EMIT_LOC_STRINGS = YES;
				SWIFT_VERSION = 5.0;
				TARGETED_DEVICE_FAMILY = "1,2";
			};
			name = Release;
		};
		DA15FFCC2BBD5DCB00513DD7 /* Debug */ = {
			isa = XCBuildConfiguration;
			buildSettings = {
				ALWAYS_EMBED_SWIFT_STANDARD_LIBRARIES = YES;
				BUNDLE_LOADER = "$(TEST_HOST)";
				CLANG_ENABLE_MODULES = YES;
				CODE_SIGN_STYLE = Automatic;
				CURRENT_PROJECT_VERSION = 1;
				GENERATE_INFOPLIST_FILE = YES;
				IPHONEOS_DEPLOYMENT_TARGET = 17.0;
				MACOSX_DEPLOYMENT_TARGET = 14.0;
				MARKETING_VERSION = 1.0;
				PRODUCT_BUNDLE_IDENTIFIER = com.xramos.MyComicsTests;
				PRODUCT_NAME = "$(TARGET_NAME)";
				SDKROOT = auto;
				SUPPORTED_PLATFORMS = "iphoneos iphonesimulator macosx";
				SWIFT_EMIT_LOC_STRINGS = NO;
				SWIFT_OBJC_BRIDGING_HEADER = "";
				SWIFT_OPTIMIZATION_LEVEL = "-Onone";
				SWIFT_VERSION = 5.0;
				TARGETED_DEVICE_FAMILY = "1,2";
				TEST_HOST = "$(BUILT_PRODUCTS_DIR)/MyComics.app/$(BUNDLE_EXECUTABLE_FOLDER_PATH)/MyComics";
			};
			name = Debug;
		};
		DA15FFCD2BBD5DCB00513DD7 /* Release */ = {
			isa = XCBuildConfiguration;
			buildSettings = {
				ALWAYS_EMBED_SWIFT_STANDARD_LIBRARIES = YES;
				BUNDLE_LOADER = "$(TEST_HOST)";
				CLANG_ENABLE_MODULES = YES;
				CODE_SIGN_STYLE = Automatic;
				CURRENT_PROJECT_VERSION = 1;
				GENERATE_INFOPLIST_FILE = YES;
				IPHONEOS_DEPLOYMENT_TARGET = 17.0;
				MACOSX_DEPLOYMENT_TARGET = 14.0;
				MARKETING_VERSION = 1.0;
				PRODUCT_BUNDLE_IDENTIFIER = com.xramos.MyComicsTests;
				PRODUCT_NAME = "$(TARGET_NAME)";
				SDKROOT = auto;
				SUPPORTED_PLATFORMS = "iphoneos iphonesimulator macosx";
				SWIFT_EMIT_LOC_STRINGS = NO;
				SWIFT_OBJC_BRIDGING_HEADER = "";
				SWIFT_VERSION = 5.0;
				TARGETED_DEVICE_FAMILY = "1,2";
				TEST_HOST = "$(BUILT_PRODUCTS_DIR)/MyComics.app/$(BUNDLE_EXECUTABLE_FOLDER_PATH)/MyComics";
			};
			name = Release;
		};
		DA15FFCF2BBD5DCB00513DD7 /* Debug */ = {
			isa = XCBuildConfiguration;
			buildSettings = {
				ALWAYS_EMBED_SWIFT_STANDARD_LIBRARIES = YES;
				CODE_SIGN_STYLE = Automatic;
				CURRENT_PROJECT_VERSION = 1;
				GENERATE_INFOPLIST_FILE = YES;
				IPHONEOS_DEPLOYMENT_TARGET = 17.0;
				MACOSX_DEPLOYMENT_TARGET = 14.0;
				MARKETING_VERSION = 1.0;
				PRODUCT_BUNDLE_IDENTIFIER = com.xramos.MyComicsUITests;
				PRODUCT_NAME = "$(TARGET_NAME)";
				SDKROOT = auto;
				SUPPORTED_PLATFORMS = "iphoneos iphonesimulator macosx";
				SWIFT_EMIT_LOC_STRINGS = NO;
				SWIFT_VERSION = 5.0;
				TARGETED_DEVICE_FAMILY = "1,2";
				TEST_TARGET_NAME = MyComics;
			};
			name = Debug;
		};
		DA15FFD02BBD5DCB00513DD7 /* Release */ = {
			isa = XCBuildConfiguration;
			buildSettings = {
				ALWAYS_EMBED_SWIFT_STANDARD_LIBRARIES = YES;
				CODE_SIGN_STYLE = Automatic;
				CURRENT_PROJECT_VERSION = 1;
				GENERATE_INFOPLIST_FILE = YES;
				IPHONEOS_DEPLOYMENT_TARGET = 17.0;
				MACOSX_DEPLOYMENT_TARGET = 14.0;
				MARKETING_VERSION = 1.0;
				PRODUCT_BUNDLE_IDENTIFIER = com.xramos.MyComicsUITests;
				PRODUCT_NAME = "$(TARGET_NAME)";
				SDKROOT = auto;
				SUPPORTED_PLATFORMS = "iphoneos iphonesimulator macosx";
				SWIFT_EMIT_LOC_STRINGS = NO;
				SWIFT_VERSION = 5.0;
				TARGETED_DEVICE_FAMILY = "1,2";
				TEST_TARGET_NAME = MyComics;
			};
			name = Release;
		};
/* End XCBuildConfiguration section */

/* Begin XCConfigurationList section */
		DA15FF9E2BBD5DC900513DD7 /* Build configuration list for PBXProject "MyComics" */ = {
			isa = XCConfigurationList;
			buildConfigurations = (
				DA15FFC62BBD5DCB00513DD7 /* Debug */,
				DA15FFC72BBD5DCB00513DD7 /* Release */,
			);
			defaultConfigurationIsVisible = 0;
			defaultConfigurationName = Release;
		};
		DA15FFC82BBD5DCB00513DD7 /* Build configuration list for PBXNativeTarget "MyComics" */ = {
			isa = XCConfigurationList;
			buildConfigurations = (
				DA15FFC92BBD5DCB00513DD7 /* Debug */,
				DA15FFCA2BBD5DCB00513DD7 /* Release */,
			);
			defaultConfigurationIsVisible = 0;
			defaultConfigurationName = Release;
		};
		DA15FFCB2BBD5DCB00513DD7 /* Build configuration list for PBXNativeTarget "MyComicsTests" */ = {
			isa = XCConfigurationList;
			buildConfigurations = (
				DA15FFCC2BBD5DCB00513DD7 /* Debug */,
				DA15FFCD2BBD5DCB00513DD7 /* Release */,
			);
			defaultConfigurationIsVisible = 0;
			defaultConfigurationName = Release;
		};
		DA15FFCE2BBD5DCB00513DD7 /* Build configuration list for PBXNativeTarget "MyComicsUITests" */ = {
			isa = XCConfigurationList;
			buildConfigurations = (
				DA15FFCF2BBD5DCB00513DD7 /* Debug */,
				DA15FFD02BBD5DCB00513DD7 /* Release */,
			);
			defaultConfigurationIsVisible = 0;
			defaultConfigurationName = Release;
		};
/* End XCConfigurationList section */

/* Begin XCVersionGroup section */
		DAD60F9A2BC43252001ED57A /* Model.xcdatamodeld */ = {
			isa = XCVersionGroup;
			children = (
				DAD60F9B2BC43252001ED57A /* Model.xcdatamodel */,
			);
			currentVersion = DAD60F9B2BC43252001ED57A /* Model.xcdatamodel */;
			path = Model.xcdatamodeld;
			sourceTree = "<group>";
			versionGroupType = wrapper.xcdatamodel;
		};
/* End XCVersionGroup section */
	};
	rootObject = DA15FF9B2BBD5DC900513DD7 /* Project object */;
}
